// !$*UTF8*$!
{
	archiveVersion = 1;
	classes = {
	};
	objectVersion = 45;
	objects = {

/* Begin PBXBuildFile section */
		1D60589B0D05DD56006BFB54 /* main.m in Sources */ = {isa = PBXBuildFile; fileRef = 29B97316FDCFA39411CA2CEA /* main.m */; };
		1D60589F0D05DD5A006BFB54 /* Foundation.framework in Frameworks */ = {isa = PBXBuildFile; fileRef = 1D30AB110D05D00D00671497 /* Foundation.framework */; };
		1DF5F4E00D08C38300B7A737 /* UIKit.framework in Frameworks */ = {isa = PBXBuildFile; fileRef = 1DF5F4DF0D08C38300B7A737 /* UIKit.framework */; };
		288765A50DF7441C002DB57D /* CoreGraphics.framework in Frameworks */ = {isa = PBXBuildFile; fileRef = 288765A40DF7441C002DB57D /* CoreGraphics.framework */; };
		2899E5220DE3E06400AC0155 /* TeacherViewController.xib in Resources */ = {isa = PBXBuildFile; fileRef = 2899E5210DE3E06400AC0155 /* TeacherViewController.xib */; };
		28AD733F0D9D9553002E5188 /* TeacherMainWindow.xib in Resources */ = {isa = PBXBuildFile; fileRef = 28AD733E0D9D9553002E5188 /* TeacherMainWindow.xib */; };
		28D7ACF80DDB3853001CB0EB /* TeacherViewController.m in Sources */ = {isa = PBXBuildFile; fileRef = 28D7ACF70DDB3853001CB0EB /* TeacherViewController.m */; };
		5463018210B5FAE500914064 /* jquery.min.js in Resources */ = {isa = PBXBuildFile; fileRef = 5463017F10B5FAE500914064 /* jquery.min.js */; };
		5463018510B5FAE500914064 /* jquery.min.js in Resources */ = {isa = PBXBuildFile; fileRef = 5463017F10B5FAE500914064 /* jquery.min.js */; };
		5463022110BB3E1C00914064 /* database.sqlite in Resources */ = {isa = PBXBuildFile; fileRef = 5463022010BB3E1C00914064 /* database.sqlite */; };
		5463022210BB3E1C00914064 /* database.sqlite in Resources */ = {isa = PBXBuildFile; fileRef = 5463022010BB3E1C00914064 /* database.sqlite */; };
		5463027110BC566800914064 /* student.htm in Resources */ = {isa = PBXBuildFile; fileRef = 5463027010BC566800914064 /* student.htm */; };
		5463027210BC566800914064 /* student.htm in Resources */ = {isa = PBXBuildFile; fileRef = 5463027010BC566800914064 /* student.htm */; };
		5463027410BC56B300914064 /* submitted.htm in Resources */ = {isa = PBXBuildFile; fileRef = 5463027310BC56B300914064 /* submitted.htm */; };
		5463027510BC56B300914064 /* submitted.htm in Resources */ = {isa = PBXBuildFile; fileRef = 5463027310BC56B300914064 /* submitted.htm */; };
		5463027710BC56D400914064 /* makeTest.htm in Resources */ = {isa = PBXBuildFile; fileRef = 5463027610BC56D400914064 /* makeTest.htm */; };
		5463027810BC56D400914064 /* makeTest.htm in Resources */ = {isa = PBXBuildFile; fileRef = 5463027610BC56D400914064 /* makeTest.htm */; };
		5463FF3310B3387E00914064 /* HTTPViewController.m in Sources */ = {isa = PBXBuildFile; fileRef = 5463FF3110B3387E00914064 /* HTTPViewController.m */; };
		5463FF3410B3387E00914064 /* HTTPViewController.xib in Resources */ = {isa = PBXBuildFile; fileRef = 5463FF3210B3387E00914064 /* HTTPViewController.xib */; };
		5463FF3510B3387E00914064 /* HTTPViewController.m in Sources */ = {isa = PBXBuildFile; fileRef = 5463FF3110B3387E00914064 /* HTTPViewController.m */; };
		5463FF3610B3387E00914064 /* HTTPViewController.xib in Resources */ = {isa = PBXBuildFile; fileRef = 5463FF3210B3387E00914064 /* HTTPViewController.xib */; };
		54BDD17110ADEB4D00F44A84 /* AsyncSocket.m in Sources */ = {isa = PBXBuildFile; fileRef = 54BDD15A10ADEB4D00F44A84 /* AsyncSocket.m */; };
		54BDD17210ADEB4D00F44A84 /* DatabaseConnection.m in Sources */ = {isa = PBXBuildFile; fileRef = 54BDD15C10ADEB4D00F44A84 /* DatabaseConnection.m */; };
		54BDD17310ADEB4D00F44A84 /* DDData.m in Sources */ = {isa = PBXBuildFile; fileRef = 54BDD15E10ADEB4D00F44A84 /* DDData.m */; };
		54BDD17410ADEB4D00F44A84 /* DDNumber.m in Sources */ = {isa = PBXBuildFile; fileRef = 54BDD16010ADEB4D00F44A84 /* DDNumber.m */; };
		54BDD17510ADEB4D00F44A84 /* DDRange.m in Sources */ = {isa = PBXBuildFile; fileRef = 54BDD16210ADEB4D00F44A84 /* DDRange.m */; };
		54BDD17610ADEB4D00F44A84 /* HTTPAuthenticationRequest.m in Sources */ = {isa = PBXBuildFile; fileRef = 54BDD16410ADEB4D00F44A84 /* HTTPAuthenticationRequest.m */; };
		54BDD17710ADEB4D00F44A84 /* HTTPConnection.m in Sources */ = {isa = PBXBuildFile; fileRef = 54BDD16610ADEB4D00F44A84 /* HTTPConnection.m */; };
		54BDD17810ADEB4D00F44A84 /* HTTPResponse.m in Sources */ = {isa = PBXBuildFile; fileRef = 54BDD16810ADEB4D00F44A84 /* HTTPResponse.m */; };
		54BDD17910ADEB4D00F44A84 /* HTTPServer.m in Sources */ = {isa = PBXBuildFile; fileRef = 54BDD16A10ADEB4D00F44A84 /* HTTPServer.m */; };
		54BDD17A10ADEB4D00F44A84 /* iPhoneHTTPServerAppDelegate.m in Sources */ = {isa = PBXBuildFile; fileRef = 54BDD16C10ADEB4D00F44A84 /* iPhoneHTTPServerAppDelegate.m */; };
		54BDD17B10ADEB4D00F44A84 /* localhostAddresses.m in Sources */ = {isa = PBXBuildFile; fileRef = 54BDD16E10ADEB4D00F44A84 /* localhostAddresses.m */; };
		54BDD17C10ADEB4D00F44A84 /* MyHTTPConnection.m in Sources */ = {isa = PBXBuildFile; fileRef = 54BDD17010ADEB4D00F44A84 /* MyHTTPConnection.m */; };
		54BDD17D10ADEB4D00F44A84 /* AsyncSocket.m in Sources */ = {isa = PBXBuildFile; fileRef = 54BDD15A10ADEB4D00F44A84 /* AsyncSocket.m */; };
		54BDD17E10ADEB4D00F44A84 /* DatabaseConnection.m in Sources */ = {isa = PBXBuildFile; fileRef = 54BDD15C10ADEB4D00F44A84 /* DatabaseConnection.m */; };
		54BDD17F10ADEB4D00F44A84 /* DDData.m in Sources */ = {isa = PBXBuildFile; fileRef = 54BDD15E10ADEB4D00F44A84 /* DDData.m */; };
		54BDD18010ADEB4D00F44A84 /* DDNumber.m in Sources */ = {isa = PBXBuildFile; fileRef = 54BDD16010ADEB4D00F44A84 /* DDNumber.m */; };
		54BDD18110ADEB4D00F44A84 /* DDRange.m in Sources */ = {isa = PBXBuildFile; fileRef = 54BDD16210ADEB4D00F44A84 /* DDRange.m */; };
		54BDD18210ADEB4D00F44A84 /* HTTPAuthenticationRequest.m in Sources */ = {isa = PBXBuildFile; fileRef = 54BDD16410ADEB4D00F44A84 /* HTTPAuthenticationRequest.m */; };
		54BDD18310ADEB4D00F44A84 /* HTTPConnection.m in Sources */ = {isa = PBXBuildFile; fileRef = 54BDD16610ADEB4D00F44A84 /* HTTPConnection.m */; };
		54BDD18410ADEB4D00F44A84 /* HTTPResponse.m in Sources */ = {isa = PBXBuildFile; fileRef = 54BDD16810ADEB4D00F44A84 /* HTTPResponse.m */; };
		54BDD18510ADEB4D00F44A84 /* HTTPServer.m in Sources */ = {isa = PBXBuildFile; fileRef = 54BDD16A10ADEB4D00F44A84 /* HTTPServer.m */; };
		54BDD18610ADEB4D00F44A84 /* iPhoneHTTPServerAppDelegate.m in Sources */ = {isa = PBXBuildFile; fileRef = 54BDD16C10ADEB4D00F44A84 /* iPhoneHTTPServerAppDelegate.m */; };
		54BDD18710ADEB4D00F44A84 /* localhostAddresses.m in Sources */ = {isa = PBXBuildFile; fileRef = 54BDD16E10ADEB4D00F44A84 /* localhostAddresses.m */; };
		54BDD18810ADEB4D00F44A84 /* MyHTTPConnection.m in Sources */ = {isa = PBXBuildFile; fileRef = 54BDD17010ADEB4D00F44A84 /* MyHTTPConnection.m */; };
		54BDD19510ADEB6200F44A84 /* CFNetwork.framework in Frameworks */ = {isa = PBXBuildFile; fileRef = 54BDD19410ADEB6200F44A84 /* CFNetwork.framework */; };
		54BDD19610ADEB6200F44A84 /* CFNetwork.framework in Frameworks */ = {isa = PBXBuildFile; fileRef = 54BDD19410ADEB6200F44A84 /* CFNetwork.framework */; };
		A8177E6D10C9AED40051A973 /* dist.plist in Resources */ = {isa = PBXBuildFile; fileRef = A8177E6C10C9AED40051A973 /* dist.plist */; };
		A8177E6E10C9AED40051A973 /* dist.plist in Resources */ = {isa = PBXBuildFile; fileRef = A8177E6C10C9AED40051A973 /* dist.plist */; };
		A829658D10A2224500D6F261 /* GKObjectSession.m in Sources */ = {isa = PBXBuildFile; fileRef = A829658C10A2224500D6F261 /* GKObjectSession.m */; };
		A829658E10A2224500D6F261 /* GKObjectSession.m in Sources */ = {isa = PBXBuildFile; fileRef = A829658C10A2224500D6F261 /* GKObjectSession.m */; };
		A82965F210A2301600D6F261 /* TextQuestionViewController.m in Sources */ = {isa = PBXBuildFile; fileRef = A82965F010A2301600D6F261 /* TextQuestionViewController.m */; };
		A82965F310A2301600D6F261 /* TextQuestionViewController.xib in Resources */ = {isa = PBXBuildFile; fileRef = A82965F110A2301600D6F261 /* TextQuestionViewController.xib */; };
		A82965F410A2301600D6F261 /* TextQuestionViewController.m in Sources */ = {isa = PBXBuildFile; fileRef = A82965F010A2301600D6F261 /* TextQuestionViewController.m */; };
		A82965F510A2301600D6F261 /* TextQuestionViewController.xib in Resources */ = {isa = PBXBuildFile; fileRef = A82965F110A2301600D6F261 /* TextQuestionViewController.xib */; };
		A848EE8210A8C3D400FEABF0 /* NumericQuestionViewController.m in Sources */ = {isa = PBXBuildFile; fileRef = A848EE8010A8C3D400FEABF0 /* NumericQuestionViewController.m */; };
		A848EE8310A8C3D400FEABF0 /* NumericQuestionViewController.xib in Resources */ = {isa = PBXBuildFile; fileRef = A848EE8110A8C3D400FEABF0 /* NumericQuestionViewController.xib */; };
		A848EE8410A8C3D400FEABF0 /* NumericQuestionViewController.m in Sources */ = {isa = PBXBuildFile; fileRef = A848EE8010A8C3D400FEABF0 /* NumericQuestionViewController.m */; };
		A848EE8510A8C3D400FEABF0 /* NumericQuestionViewController.xib in Resources */ = {isa = PBXBuildFile; fileRef = A848EE8110A8C3D400FEABF0 /* NumericQuestionViewController.xib */; };
		A848EE8A10A8CA1100FEABF0 /* QuestionViewController.m in Sources */ = {isa = PBXBuildFile; fileRef = A848EE8810A8CA1100FEABF0 /* QuestionViewController.m */; };
		A848EE8C10A8CA1100FEABF0 /* QuestionViewController.m in Sources */ = {isa = PBXBuildFile; fileRef = A848EE8810A8CA1100FEABF0 /* QuestionViewController.m */; };
		A84D20B410CACB6D004A4537 /* DouglassHS.mobileprovision in Resources */ = {isa = PBXBuildFile; fileRef = A84D20B210CACB6D004A4537 /* DouglassHS.mobileprovision */; };
		A84D20B510CACB6D004A4537 /* DouglassHS_Adhoc.mobileprovision in Resources */ = {isa = PBXBuildFile; fileRef = A84D20B310CACB6D004A4537 /* DouglassHS_Adhoc.mobileprovision */; };
		A84D20B610CACB6D004A4537 /* DouglassHS.mobileprovision in Resources */ = {isa = PBXBuildFile; fileRef = A84D20B210CACB6D004A4537 /* DouglassHS.mobileprovision */; };
		A84D20B710CACB6D004A4537 /* DouglassHS_Adhoc.mobileprovision in Resources */ = {isa = PBXBuildFile; fileRef = A84D20B310CACB6D004A4537 /* DouglassHS_Adhoc.mobileprovision */; };
		A86EF2CD1099291F007DF5DF /* GameKit.framework in Frameworks */ = {isa = PBXBuildFile; fileRef = A86EF2CC1099291F007DF5DF /* GameKit.framework */; };
		A86EF2EF109929E0007DF5DF /* ConnectedDevicesViewController.m in Sources */ = {isa = PBXBuildFile; fileRef = A895B26710867A4E006DE1E6 /* ConnectedDevicesViewController.m */; };
		A86EF2F0109929E1007DF5DF /* ConnectedDevicesViewController.xib in Resources */ = {isa = PBXBuildFile; fileRef = A895B26810867A4E006DE1E6 /* ConnectedDevicesViewController.xib */; };
		A86EF2F1109929E1007DF5DF /* main.m in Sources */ = {isa = PBXBuildFile; fileRef = 29B97316FDCFA39411CA2CEA /* main.m */; };
		A86EF2F2109929E2007DF5DF /* TeacherMainWindow.xib in Resources */ = {isa = PBXBuildFile; fileRef = 28AD733E0D9D9553002E5188 /* TeacherMainWindow.xib */; };
		A86EF2F3109929E3007DF5DF /* Question.m in Sources */ = {isa = PBXBuildFile; fileRef = A87DAC421098EE2C00F93F02 /* Question.m */; };
		A86EF2F4109929E3007DF5DF /* Response.m in Sources */ = {isa = PBXBuildFile; fileRef = A87DAC3F1098E86B00F93F02 /* Response.m */; };
		A86EF2F5109929E4007DF5DF /* Supervisor.m in Sources */ = {isa = PBXBuildFile; fileRef = A87DAC3B1098E62900F93F02 /* Supervisor.m */; };
		A86EF2F7109929E5007DF5DF /* TeacherViewController.m in Sources */ = {isa = PBXBuildFile; fileRef = 28D7ACF70DDB3853001CB0EB /* TeacherViewController.m */; };
		A86EF2F8109929E6007DF5DF /* Test.m in Sources */ = {isa = PBXBuildFile; fileRef = A87DAC451098EEE000F93F02 /* Test.m */; };
		A86EF2F9109929E6007DF5DF /* TestViewController.m in Sources */ = {isa = PBXBuildFile; fileRef = A895B2381086763F006DE1E6 /* TestViewController.m */; };
		A86EF2FA109929E6007DF5DF /* TestViewController.xib in Resources */ = {isa = PBXBuildFile; fileRef = A895B2391086763F006DE1E6 /* TestViewController.xib */; };
		A86EF2FB109929E7007DF5DF /* TeacherViewController.xib in Resources */ = {isa = PBXBuildFile; fileRef = 2899E5210DE3E06400AC0155 /* TeacherViewController.xib */; };
		A86EF3A710992A3C007DF5DF /* CoreGraphics.framework in Frameworks */ = {isa = PBXBuildFile; fileRef = 288765A40DF7441C002DB57D /* CoreGraphics.framework */; };
		A86EF3A810992A3C007DF5DF /* Foundation.framework in Frameworks */ = {isa = PBXBuildFile; fileRef = 1D30AB110D05D00D00671497 /* Foundation.framework */; };
		A86EF3A910992A3C007DF5DF /* GameKit.framework in Frameworks */ = {isa = PBXBuildFile; fileRef = A86EF2CC1099291F007DF5DF /* GameKit.framework */; };
		A86EF3AA10992A3C007DF5DF /* UIKit.framework in Frameworks */ = {isa = PBXBuildFile; fileRef = 1DF5F4DF0D08C38300B7A737 /* UIKit.framework */; };
		A86EF3DC10992ABD007DF5DF /* import_export_icon.png in Resources */ = {isa = PBXBuildFile; fileRef = A895B27210867D5A006DE1E6 /* import_export_icon.png */; };
		A86EF3DD10992ABE007DF5DF /* graph_icon.png in Resources */ = {isa = PBXBuildFile; fileRef = A895B27110867D5A006DE1E6 /* graph_icon.png */; };
		A86EF3DE10992ABF007DF5DF /* device_notconnected.png in Resources */ = {isa = PBXBuildFile; fileRef = A895B26C10867CB0006DE1E6 /* device_notconnected.png */; };
		A86EF3DF10992ABF007DF5DF /* device_connected.png in Resources */ = {isa = PBXBuildFile; fileRef = A895B26B10867CB0006DE1E6 /* device_connected.png */; };
		A86EF3E010992AC5007DF5DF /* test_icon.png in Resources */ = {isa = PBXBuildFile; fileRef = A895B27310867D5A006DE1E6 /* test_icon.png */; };
		A86EF3FE10992AFF007DF5DF /* Student.m in Sources */ = {isa = PBXBuildFile; fileRef = A86EF3FD10992AFF007DF5DF /* Student.m */; };
		A86EF3FF10992AFF007DF5DF /* Student.m in Sources */ = {isa = PBXBuildFile; fileRef = A86EF3FD10992AFF007DF5DF /* Student.m */; };
		A86EF448109933A5007DF5DF /* Client.m in Sources */ = {isa = PBXBuildFile; fileRef = A86EF447109933A5007DF5DF /* Client.m */; };
		A86EF449109933A5007DF5DF /* Client.m in Sources */ = {isa = PBXBuildFile; fileRef = A86EF447109933A5007DF5DF /* Client.m */; };
		A86EF47B10994623007DF5DF /* StudentMainWindow.xib in Resources */ = {isa = PBXBuildFile; fileRef = A86EF47A10994623007DF5DF /* StudentMainWindow.xib */; };
		A86EF47C10994623007DF5DF /* StudentMainWindow.xib in Resources */ = {isa = PBXBuildFile; fileRef = A86EF47A10994623007DF5DF /* StudentMainWindow.xib */; };
		A86EF48E10994681007DF5DF /* ConnectingViewController.m in Sources */ = {isa = PBXBuildFile; fileRef = A86EF48210994681007DF5DF /* ConnectingViewController.m */; };
		A86EF48F10994681007DF5DF /* ConnectingViewController.xib in Resources */ = {isa = PBXBuildFile; fileRef = A86EF48310994681007DF5DF /* ConnectingViewController.xib */; };
		A86EF49010994681007DF5DF /* LoginViewController.m in Sources */ = {isa = PBXBuildFile; fileRef = A86EF48510994681007DF5DF /* LoginViewController.m */; };
		A86EF49110994681007DF5DF /* LoginViewController.xib in Resources */ = {isa = PBXBuildFile; fileRef = A86EF48610994681007DF5DF /* LoginViewController.xib */; };
		A86EF49210994681007DF5DF /* ResponseViewController.m in Sources */ = {isa = PBXBuildFile; fileRef = A86EF48810994681007DF5DF /* ResponseViewController.m */; };
		A86EF49310994681007DF5DF /* ResponseViewController.xib in Resources */ = {isa = PBXBuildFile; fileRef = A86EF48910994681007DF5DF /* ResponseViewController.xib */; };
		A86EF49510994681007DF5DF /* StudentViewController.m in Sources */ = {isa = PBXBuildFile; fileRef = A86EF48D10994681007DF5DF /* StudentViewController.m */; };
		A86EF49610994681007DF5DF /* ConnectingViewController.m in Sources */ = {isa = PBXBuildFile; fileRef = A86EF48210994681007DF5DF /* ConnectingViewController.m */; };
		A86EF49710994681007DF5DF /* ConnectingViewController.xib in Resources */ = {isa = PBXBuildFile; fileRef = A86EF48310994681007DF5DF /* ConnectingViewController.xib */; };
		A86EF49810994681007DF5DF /* LoginViewController.m in Sources */ = {isa = PBXBuildFile; fileRef = A86EF48510994681007DF5DF /* LoginViewController.m */; };
		A86EF49910994681007DF5DF /* LoginViewController.xib in Resources */ = {isa = PBXBuildFile; fileRef = A86EF48610994681007DF5DF /* LoginViewController.xib */; };
		A86EF49A10994681007DF5DF /* ResponseViewController.m in Sources */ = {isa = PBXBuildFile; fileRef = A86EF48810994681007DF5DF /* ResponseViewController.m */; };
		A86EF49B10994681007DF5DF /* ResponseViewController.xib in Resources */ = {isa = PBXBuildFile; fileRef = A86EF48910994681007DF5DF /* ResponseViewController.xib */; };
		A86EF49D10994681007DF5DF /* StudentViewController.m in Sources */ = {isa = PBXBuildFile; fileRef = A86EF48D10994681007DF5DF /* StudentViewController.m */; };
		A86EF4B010994703007DF5DF /* AppDelegate.m in Sources */ = {isa = PBXBuildFile; fileRef = A86EF4AF10994703007DF5DF /* AppDelegate.m */; };
		A86EF4B110994703007DF5DF /* AppDelegate.m in Sources */ = {isa = PBXBuildFile; fileRef = A86EF4AF10994703007DF5DF /* AppDelegate.m */; };
		A86EF50110994BDB007DF5DF /* TestNavigationController.m in Sources */ = {isa = PBXBuildFile; fileRef = A86EF4FF10994BDB007DF5DF /* TestNavigationController.m */; };
		A86EF50210994BDB007DF5DF /* TestNavigationController.xib in Resources */ = {isa = PBXBuildFile; fileRef = A86EF50010994BDB007DF5DF /* TestNavigationController.xib */; };
		A86EF50310994BDB007DF5DF /* TestNavigationController.m in Sources */ = {isa = PBXBuildFile; fileRef = A86EF4FF10994BDB007DF5DF /* TestNavigationController.m */; };
		A86EF50410994BDB007DF5DF /* TestNavigationController.xib in Resources */ = {isa = PBXBuildFile; fileRef = A86EF50010994BDB007DF5DF /* TestNavigationController.xib */; };
		A873221C109F7CFE0066F806 /* LoginRequest.m in Sources */ = {isa = PBXBuildFile; fileRef = A873221B109F7CFE0066F806 /* LoginRequest.m */; };
		A873221D109F7CFE0066F806 /* LoginRequest.m in Sources */ = {isa = PBXBuildFile; fileRef = A873221B109F7CFE0066F806 /* LoginRequest.m */; };
		A8732220109F7D130066F806 /* LoginRequestReply.m in Sources */ = {isa = PBXBuildFile; fileRef = A873221F109F7D130066F806 /* LoginRequestReply.m */; };
		A8732221109F7D130066F806 /* LoginRequestReply.m in Sources */ = {isa = PBXBuildFile; fileRef = A873221F109F7D130066F806 /* LoginRequestReply.m */; };
		A8732224109F7D5F0066F806 /* ResponseRequest.m in Sources */ = {isa = PBXBuildFile; fileRef = A8732223109F7D5F0066F806 /* ResponseRequest.m */; };
		A8732225109F7D5F0066F806 /* ResponseRequest.m in Sources */ = {isa = PBXBuildFile; fileRef = A8732223109F7D5F0066F806 /* ResponseRequest.m */; };
		A87DAC3C1098E62900F93F02 /* Supervisor.m in Sources */ = {isa = PBXBuildFile; fileRef = A87DAC3B1098E62900F93F02 /* Supervisor.m */; };
		A87DAC401098E86B00F93F02 /* Response.m in Sources */ = {isa = PBXBuildFile; fileRef = A87DAC3F1098E86B00F93F02 /* Response.m */; };
		A87DAC431098EE2C00F93F02 /* Question.m in Sources */ = {isa = PBXBuildFile; fileRef = A87DAC421098EE2C00F93F02 /* Question.m */; };
		A87DAC461098EEE000F93F02 /* Test.m in Sources */ = {isa = PBXBuildFile; fileRef = A87DAC451098EEE000F93F02 /* Test.m */; };
		A895B23A1086763F006DE1E6 /* TestViewController.m in Sources */ = {isa = PBXBuildFile; fileRef = A895B2381086763F006DE1E6 /* TestViewController.m */; };
		A895B23B1086763F006DE1E6 /* TestViewController.xib in Resources */ = {isa = PBXBuildFile; fileRef = A895B2391086763F006DE1E6 /* TestViewController.xib */; };
		A895B26910867A4E006DE1E6 /* ConnectedDevicesViewController.m in Sources */ = {isa = PBXBuildFile; fileRef = A895B26710867A4E006DE1E6 /* ConnectedDevicesViewController.m */; };
		A895B26A10867A4E006DE1E6 /* ConnectedDevicesViewController.xib in Resources */ = {isa = PBXBuildFile; fileRef = A895B26810867A4E006DE1E6 /* ConnectedDevicesViewController.xib */; };
		A895B26E10867CB0006DE1E6 /* device_connected.png in Resources */ = {isa = PBXBuildFile; fileRef = A895B26B10867CB0006DE1E6 /* device_connected.png */; };
		A895B26F10867CB0006DE1E6 /* device_notconnected.png in Resources */ = {isa = PBXBuildFile; fileRef = A895B26C10867CB0006DE1E6 /* device_notconnected.png */; };
		A895B27410867D5A006DE1E6 /* graph_icon.png in Resources */ = {isa = PBXBuildFile; fileRef = A895B27110867D5A006DE1E6 /* graph_icon.png */; };
		A895B27510867D5A006DE1E6 /* import_export_icon.png in Resources */ = {isa = PBXBuildFile; fileRef = A895B27210867D5A006DE1E6 /* import_export_icon.png */; };
		A895B27610867D5A006DE1E6 /* test_icon.png in Resources */ = {isa = PBXBuildFile; fileRef = A895B27310867D5A006DE1E6 /* test_icon.png */; };
		A8D2FB7B10ADDCBD008F8516 /* Util.m in Sources */ = {isa = PBXBuildFile; fileRef = A8D2FB7A10ADDCBD008F8516 /* Util.m */; };
		A8D2FB7C10ADDCBD008F8516 /* Util.m in Sources */ = {isa = PBXBuildFile; fileRef = A8D2FB7A10ADDCBD008F8516 /* Util.m */; };
		A8D2FB8410ADDCCA008F8516 /* NSObject+SBJSON.m in Sources */ = {isa = PBXBuildFile; fileRef = A8D2FB7F10ADDCCA008F8516 /* NSObject+SBJSON.m */; };
		A8D2FB8510ADDCCA008F8516 /* NSString+SBJSON.m in Sources */ = {isa = PBXBuildFile; fileRef = A8D2FB8110ADDCCA008F8516 /* NSString+SBJSON.m */; };
		A8D2FB8610ADDCCA008F8516 /* SBJSON.m in Sources */ = {isa = PBXBuildFile; fileRef = A8D2FB8310ADDCCA008F8516 /* SBJSON.m */; };
		A8D2FB8710ADDCCA008F8516 /* NSObject+SBJSON.m in Sources */ = {isa = PBXBuildFile; fileRef = A8D2FB7F10ADDCCA008F8516 /* NSObject+SBJSON.m */; };
		A8D2FB8810ADDCCA008F8516 /* NSString+SBJSON.m in Sources */ = {isa = PBXBuildFile; fileRef = A8D2FB8110ADDCCA008F8516 /* NSString+SBJSON.m */; };
		A8D2FB8910ADDCCA008F8516 /* SBJSON.m in Sources */ = {isa = PBXBuildFile; fileRef = A8D2FB8310ADDCCA008F8516 /* SBJSON.m */; };
		A8D2FB9210ADE02D008F8516 /* BooleanQuestionViewController.m in Sources */ = {isa = PBXBuildFile; fileRef = A8D2FB9010ADE02D008F8516 /* BooleanQuestionViewController.m */; };
		A8D2FB9310ADE02D008F8516 /* BooleanQuestionViewController.xib in Resources */ = {isa = PBXBuildFile; fileRef = A8D2FB9110ADE02D008F8516 /* BooleanQuestionViewController.xib */; };
		A8D2FB9410ADE02D008F8516 /* BooleanQuestionViewController.m in Sources */ = {isa = PBXBuildFile; fileRef = A8D2FB9010ADE02D008F8516 /* BooleanQuestionViewController.m */; };
		A8D2FB9510ADE02D008F8516 /* BooleanQuestionViewController.xib in Resources */ = {isa = PBXBuildFile; fileRef = A8D2FB9110ADE02D008F8516 /* BooleanQuestionViewController.xib */; };
		A8D2FB9A10ADE244008F8516 /* MultipleChoiceQuestionViewController.m in Sources */ = {isa = PBXBuildFile; fileRef = A8D2FB9810ADE244008F8516 /* MultipleChoiceQuestionViewController.m */; };
		A8D2FB9B10ADE244008F8516 /* MultipleChoiceQuestionViewController.xib in Resources */ = {isa = PBXBuildFile; fileRef = A8D2FB9910ADE244008F8516 /* MultipleChoiceQuestionViewController.xib */; };
		A8D2FB9C10ADE244008F8516 /* MultipleChoiceQuestionViewController.m in Sources */ = {isa = PBXBuildFile; fileRef = A8D2FB9810ADE244008F8516 /* MultipleChoiceQuestionViewController.m */; };
		A8D2FB9D10ADE244008F8516 /* MultipleChoiceQuestionViewController.xib in Resources */ = {isa = PBXBuildFile; fileRef = A8D2FB9910ADE244008F8516 /* MultipleChoiceQuestionViewController.xib */; };
		A8D2FBA010ADE2F1008F8516 /* MultipleChoiceQuestion.m in Sources */ = {isa = PBXBuildFile; fileRef = A8D2FB9F10ADE2F1008F8516 /* MultipleChoiceQuestion.m */; };
		A8D2FBA110ADE2F1008F8516 /* MultipleChoiceQuestion.m in Sources */ = {isa = PBXBuildFile; fileRef = A8D2FB9F10ADE2F1008F8516 /* MultipleChoiceQuestion.m */; };
		A8D2FC3210ADEBC4008F8516 /* libsqlite3.0.dylib in Frameworks */ = {isa = PBXBuildFile; fileRef = A8D2FC3110ADEBC4008F8516 /* libsqlite3.0.dylib */; };
		A8D2FC3310ADEBC4008F8516 /* libsqlite3.0.dylib in Frameworks */ = {isa = PBXBuildFile; fileRef = A8D2FC3110ADEBC4008F8516 /* libsqlite3.0.dylib */; };
		A8DFA38010C7155C00FE8587 /* DoneViewController.m in Sources */ = {isa = PBXBuildFile; fileRef = A8DFA37810C7155C00FE8587 /* DoneViewController.m */; };
		A8DFA38110C7155C00FE8587 /* DoneViewController.xib in Resources */ = {isa = PBXBuildFile; fileRef = A8DFA37910C7155C00FE8587 /* DoneViewController.xib */; };
		A8DFA38210C7155C00FE8587 /* FinishedViewController.m in Sources */ = {isa = PBXBuildFile; fileRef = A8DFA37B10C7155C00FE8587 /* FinishedViewController.m */; };
		A8DFA38310C7155C00FE8587 /* FinishedViewController.xib in Resources */ = {isa = PBXBuildFile; fileRef = A8DFA37C10C7155C00FE8587 /* FinishedViewController.xib */; };
		A8DFA38410C7155C00FE8587 /* SupervisorViewController.m in Sources */ = {isa = PBXBuildFile; fileRef = A8DFA37E10C7155C00FE8587 /* SupervisorViewController.m */; };
		A8DFA38510C7155C00FE8587 /* SupervisorViewController.xib in Resources */ = {isa = PBXBuildFile; fileRef = A8DFA37F10C7155C00FE8587 /* SupervisorViewController.xib */; };
		A8DFA38610C7155C00FE8587 /* DoneViewController.m in Sources */ = {isa = PBXBuildFile; fileRef = A8DFA37810C7155C00FE8587 /* DoneViewController.m */; };
		A8DFA38710C7155C00FE8587 /* DoneViewController.xib in Resources */ = {isa = PBXBuildFile; fileRef = A8DFA37910C7155C00FE8587 /* DoneViewController.xib */; };
		A8DFA38810C7155C00FE8587 /* FinishedViewController.m in Sources */ = {isa = PBXBuildFile; fileRef = A8DFA37B10C7155C00FE8587 /* FinishedViewController.m */; };
		A8DFA38910C7155C00FE8587 /* FinishedViewController.xib in Resources */ = {isa = PBXBuildFile; fileRef = A8DFA37C10C7155C00FE8587 /* FinishedViewController.xib */; };
		A8DFA38A10C7155C00FE8587 /* SupervisorViewController.m in Sources */ = {isa = PBXBuildFile; fileRef = A8DFA37E10C7155C00FE8587 /* SupervisorViewController.m */; };
		A8DFA38B10C7155C00FE8587 /* SupervisorViewController.xib in Resources */ = {isa = PBXBuildFile; fileRef = A8DFA37F10C7155C00FE8587 /* SupervisorViewController.xib */; };
		A8DFA39010C7159400FE8587 /* QuestionsRequest.m in Sources */ = {isa = PBXBuildFile; fileRef = A8DFA38D10C7159400FE8587 /* QuestionsRequest.m */; };
		A8DFA39110C7159400FE8587 /* TestResponsesRequest.m in Sources */ = {isa = PBXBuildFile; fileRef = A8DFA38F10C7159400FE8587 /* TestResponsesRequest.m */; };
		A8DFA39210C7159400FE8587 /* QuestionsRequest.m in Sources */ = {isa = PBXBuildFile; fileRef = A8DFA38D10C7159400FE8587 /* QuestionsRequest.m */; };
		A8DFA39310C7159400FE8587 /* TestResponsesRequest.m in Sources */ = {isa = PBXBuildFile; fileRef = A8DFA38F10C7159400FE8587 /* TestResponsesRequest.m */; };
		A8DFA39810C715B000FE8587 /* CommTestMainWindow.m in Sources */ = {isa = PBXBuildFile; fileRef = A8DFA39610C715B000FE8587 /* CommTestMainWindow.m */; };
		A8DFA39910C715B000FE8587 /* CommTestMainWindow.xib in Resources */ = {isa = PBXBuildFile; fileRef = A8DFA39710C715B000FE8587 /* CommTestMainWindow.xib */; };
		A8DFA39A10C715B000FE8587 /* CommTestMainWindow.m in Sources */ = {isa = PBXBuildFile; fileRef = A8DFA39610C715B000FE8587 /* CommTestMainWindow.m */; };
		A8DFA39B10C715B000FE8587 /* CommTestMainWindow.xib in Resources */ = {isa = PBXBuildFile; fileRef = A8DFA39710C715B000FE8587 /* CommTestMainWindow.xib */; };
		A8DFA3A610C715C500FE8587 /* ClientStatus.m in Sources */ = {isa = PBXBuildFile; fileRef = A8DFA39D10C715C500FE8587 /* ClientStatus.m */; };
		A8DFA3A710C715C500FE8587 /* DeviceInfoRequest.m in Sources */ = {isa = PBXBuildFile; fileRef = A8DFA39F10C715C500FE8587 /* DeviceInfoRequest.m */; };
		A8DFA3A810C715C500FE8587 /* GKObjectRequest.m in Sources */ = {isa = PBXBuildFile; fileRef = A8DFA3A110C715C500FE8587 /* GKObjectRequest.m */; };
		A8DFA3A910C715C500FE8587 /* GKPeerNetworkSession.m in Sources */ = {isa = PBXBuildFile; fileRef = A8DFA3A310C715C500FE8587 /* GKPeerNetworkSession.m */; };
		A8DFA3AA10C715C500FE8587 /* HopRequest.m in Sources */ = {isa = PBXBuildFile; fileRef = A8DFA3A510C715C500FE8587 /* HopRequest.m */; };
		A8DFA3AB10C715C500FE8587 /* ClientStatus.m in Sources */ = {isa = PBXBuildFile; fileRef = A8DFA39D10C715C500FE8587 /* ClientStatus.m */; };
		A8DFA3AC10C715C500FE8587 /* DeviceInfoRequest.m in Sources */ = {isa = PBXBuildFile; fileRef = A8DFA39F10C715C500FE8587 /* DeviceInfoRequest.m */; };
		A8DFA3AD10C715C500FE8587 /* GKObjectRequest.m in Sources */ = {isa = PBXBuildFile; fileRef = A8DFA3A110C715C500FE8587 /* GKObjectRequest.m */; };
		A8DFA3AE10C715C500FE8587 /* GKPeerNetworkSession.m in Sources */ = {isa = PBXBuildFile; fileRef = A8DFA3A310C715C500FE8587 /* GKPeerNetworkSession.m */; };
		A8DFA3AF10C715C500FE8587 /* HopRequest.m in Sources */ = {isa = PBXBuildFile; fileRef = A8DFA3A510C715C500FE8587 /* HopRequest.m */; };
		A8DFA3B310C7188600FE8587 /* QuizServiceHttpConnection.m in Sources */ = {isa = PBXBuildFile; fileRef = A8DFA3B210C7188600FE8587 /* QuizServiceHttpConnection.m */; };
		A8DFA3B410C7188600FE8587 /* QuizServiceHttpConnection.m in Sources */ = {isa = PBXBuildFile; fileRef = A8DFA3B210C7188600FE8587 /* QuizServiceHttpConnection.m */; };
		A8DFA3C210C71E3600FE8587 /* GetRequest.m in Sources */ = {isa = PBXBuildFile; fileRef = A8DFA3BF10C71E3600FE8587 /* GetRequest.m */; };
		A8DFA3C310C71E3600FE8587 /* PostRequest.m in Sources */ = {isa = PBXBuildFile; fileRef = A8DFA3C110C71E3600FE8587 /* PostRequest.m */; };
		A8DFA3C410C71E3600FE8587 /* GetRequest.m in Sources */ = {isa = PBXBuildFile; fileRef = A8DFA3BF10C71E3600FE8587 /* GetRequest.m */; };
		A8DFA3C510C71E3600FE8587 /* PostRequest.m in Sources */ = {isa = PBXBuildFile; fileRef = A8DFA3C110C71E3600FE8587 /* PostRequest.m */; };
		A8DFA3C810C7208A00FE8587 /* WifiClient.m in Sources */ = {isa = PBXBuildFile; fileRef = A8DFA3C710C7208A00FE8587 /* WifiClient.m */; };
		A8DFA3C910C7208A00FE8587 /* WifiClient.m in Sources */ = {isa = PBXBuildFile; fileRef = A8DFA3C710C7208A00FE8587 /* WifiClient.m */; };
		A8DFA57C10C7563800FE8587 /* QuizServiceHttpServer.m in Sources */ = {isa = PBXBuildFile; fileRef = A8DFA57B10C7563800FE8587 /* QuizServiceHttpServer.m */; };
		A8DFA57D10C7563800FE8587 /* QuizServiceHttpServer.m in Sources */ = {isa = PBXBuildFile; fileRef = A8DFA57B10C7563800FE8587 /* QuizServiceHttpServer.m */; };
/* End PBXBuildFile section */

/* Begin PBXFileReference section */
		1D30AB110D05D00D00671497 /* Foundation.framework */ = {isa = PBXFileReference; lastKnownFileType = wrapper.framework; name = Foundation.framework; path = System/Library/Frameworks/Foundation.framework; sourceTree = SDKROOT; };
		1D6058910D05DD3D006BFB54 /* Teacher.app */ = {isa = PBXFileReference; explicitFileType = wrapper.application; includeInIndex = 0; path = Teacher.app; sourceTree = BUILT_PRODUCTS_DIR; };
		1DF5F4DF0D08C38300B7A737 /* UIKit.framework */ = {isa = PBXFileReference; lastKnownFileType = wrapper.framework; name = UIKit.framework; path = System/Library/Frameworks/UIKit.framework; sourceTree = SDKROOT; };
		288765A40DF7441C002DB57D /* CoreGraphics.framework */ = {isa = PBXFileReference; lastKnownFileType = wrapper.framework; name = CoreGraphics.framework; path = System/Library/Frameworks/CoreGraphics.framework; sourceTree = SDKROOT; };
		2899E5210DE3E06400AC0155 /* TeacherViewController.xib */ = {isa = PBXFileReference; lastKnownFileType = file.xib; name = TeacherViewController.xib; path = ../TeacherViewController.xib; sourceTree = "<group>"; };
		28AD733E0D9D9553002E5188 /* TeacherMainWindow.xib */ = {isa = PBXFileReference; lastKnownFileType = file.xib; name = TeacherMainWindow.xib; path = ../TeacherMainWindow.xib; sourceTree = "<group>"; };
		28D7ACF60DDB3853001CB0EB /* TeacherViewController.h */ = {isa = PBXFileReference; fileEncoding = 4; lastKnownFileType = sourcecode.c.h; path = TeacherViewController.h; sourceTree = "<group>"; };
		28D7ACF70DDB3853001CB0EB /* TeacherViewController.m */ = {isa = PBXFileReference; fileEncoding = 4; lastKnownFileType = sourcecode.c.objc; path = TeacherViewController.m; sourceTree = "<group>"; };
		29B97316FDCFA39411CA2CEA /* main.m */ = {isa = PBXFileReference; fileEncoding = 4; lastKnownFileType = sourcecode.c.objc; path = main.m; sourceTree = "<group>"; };
		32CA4F630368D1EE00C91783 /* Teacher_Prefix.pch */ = {isa = PBXFileReference; fileEncoding = 4; lastKnownFileType = sourcecode.c.h; path = Teacher_Prefix.pch; sourceTree = "<group>"; };
		5463017F10B5FAE500914064 /* jquery.min.js */ = {isa = PBXFileReference; fileEncoding = 4; lastKnownFileType = sourcecode.javascript; name = jquery.min.js; path = Project/jquery.min.js; sourceTree = "<group>"; };
		5463022010BB3E1C00914064 /* database.sqlite */ = {isa = PBXFileReference; lastKnownFileType = file; path = database.sqlite; sourceTree = "<group>"; };
		5463027010BC566800914064 /* student.htm */ = {isa = PBXFileReference; fileEncoding = 4; lastKnownFileType = text.html; path = student.htm; sourceTree = "<group>"; };
		5463027310BC56B300914064 /* submitted.htm */ = {isa = PBXFileReference; fileEncoding = 4; lastKnownFileType = text.html; path = submitted.htm; sourceTree = "<group>"; };
		5463027610BC56D400914064 /* makeTest.htm */ = {isa = PBXFileReference; fileEncoding = 4; lastKnownFileType = text.html; path = makeTest.htm; sourceTree = "<group>"; };
		5463FF3010B3387E00914064 /* HTTPViewController.h */ = {isa = PBXFileReference; fileEncoding = 4; lastKnownFileType = sourcecode.c.h; path = HTTPViewController.h; sourceTree = "<group>"; };
		5463FF3110B3387E00914064 /* HTTPViewController.m */ = {isa = PBXFileReference; fileEncoding = 4; lastKnownFileType = sourcecode.c.objc; path = HTTPViewController.m; sourceTree = "<group>"; };
		5463FF3210B3387E00914064 /* HTTPViewController.xib */ = {isa = PBXFileReference; lastKnownFileType = file.xib; path = HTTPViewController.xib; sourceTree = "<group>"; };
		54BDD15910ADEB4D00F44A84 /* AsyncSocket.h */ = {isa = PBXFileReference; fileEncoding = 4; lastKnownFileType = sourcecode.c.h; name = AsyncSocket.h; path = ../Project/AsyncSocket.h; sourceTree = "<group>"; };
		54BDD15A10ADEB4D00F44A84 /* AsyncSocket.m */ = {isa = PBXFileReference; fileEncoding = 4; lastKnownFileType = sourcecode.c.objc; name = AsyncSocket.m; path = ../Project/AsyncSocket.m; sourceTree = "<group>"; };
		54BDD15B10ADEB4D00F44A84 /* DatabaseConnection.h */ = {isa = PBXFileReference; fileEncoding = 4; lastKnownFileType = sourcecode.c.h; name = DatabaseConnection.h; path = ../Project/DatabaseConnection.h; sourceTree = "<group>"; };
		54BDD15C10ADEB4D00F44A84 /* DatabaseConnection.m */ = {isa = PBXFileReference; fileEncoding = 4; lastKnownFileType = sourcecode.c.objc; name = DatabaseConnection.m; path = ../Project/DatabaseConnection.m; sourceTree = "<group>"; };
		54BDD15D10ADEB4D00F44A84 /* DDData.h */ = {isa = PBXFileReference; fileEncoding = 4; lastKnownFileType = sourcecode.c.h; name = DDData.h; path = ../Project/DDData.h; sourceTree = "<group>"; };
		54BDD15E10ADEB4D00F44A84 /* DDData.m */ = {isa = PBXFileReference; fileEncoding = 4; lastKnownFileType = sourcecode.c.objc; name = DDData.m; path = ../Project/DDData.m; sourceTree = "<group>"; };
		54BDD15F10ADEB4D00F44A84 /* DDNumber.h */ = {isa = PBXFileReference; fileEncoding = 4; lastKnownFileType = sourcecode.c.h; name = DDNumber.h; path = ../Project/DDNumber.h; sourceTree = "<group>"; };
		54BDD16010ADEB4D00F44A84 /* DDNumber.m */ = {isa = PBXFileReference; fileEncoding = 4; lastKnownFileType = sourcecode.c.objc; name = DDNumber.m; path = ../Project/DDNumber.m; sourceTree = "<group>"; };
		54BDD16110ADEB4D00F44A84 /* DDRange.h */ = {isa = PBXFileReference; fileEncoding = 4; lastKnownFileType = sourcecode.c.h; name = DDRange.h; path = ../Project/DDRange.h; sourceTree = "<group>"; };
		54BDD16210ADEB4D00F44A84 /* DDRange.m */ = {isa = PBXFileReference; fileEncoding = 4; lastKnownFileType = sourcecode.c.objc; name = DDRange.m; path = ../Project/DDRange.m; sourceTree = "<group>"; };
		54BDD16310ADEB4D00F44A84 /* HTTPAuthenticationRequest.h */ = {isa = PBXFileReference; fileEncoding = 4; lastKnownFileType = sourcecode.c.h; name = HTTPAuthenticationRequest.h; path = ../Project/HTTPAuthenticationRequest.h; sourceTree = "<group>"; };
		54BDD16410ADEB4D00F44A84 /* HTTPAuthenticationRequest.m */ = {isa = PBXFileReference; fileEncoding = 4; lastKnownFileType = sourcecode.c.objc; name = HTTPAuthenticationRequest.m; path = ../Project/HTTPAuthenticationRequest.m; sourceTree = "<group>"; };
		54BDD16510ADEB4D00F44A84 /* HTTPConnection.h */ = {isa = PBXFileReference; fileEncoding = 4; lastKnownFileType = sourcecode.c.h; name = HTTPConnection.h; path = ../Project/HTTPConnection.h; sourceTree = "<group>"; };
		54BDD16610ADEB4D00F44A84 /* HTTPConnection.m */ = {isa = PBXFileReference; fileEncoding = 4; lastKnownFileType = sourcecode.c.objc; name = HTTPConnection.m; path = ../Project/HTTPConnection.m; sourceTree = "<group>"; };
		54BDD16710ADEB4D00F44A84 /* HTTPResponse.h */ = {isa = PBXFileReference; fileEncoding = 4; lastKnownFileType = sourcecode.c.h; name = HTTPResponse.h; path = ../Project/HTTPResponse.h; sourceTree = "<group>"; };
		54BDD16810ADEB4D00F44A84 /* HTTPResponse.m */ = {isa = PBXFileReference; fileEncoding = 4; lastKnownFileType = sourcecode.c.objc; name = HTTPResponse.m; path = ../Project/HTTPResponse.m; sourceTree = "<group>"; };
		54BDD16910ADEB4D00F44A84 /* HTTPServer.h */ = {isa = PBXFileReference; fileEncoding = 4; lastKnownFileType = sourcecode.c.h; name = HTTPServer.h; path = ../Project/HTTPServer.h; sourceTree = "<group>"; };
		54BDD16A10ADEB4D00F44A84 /* HTTPServer.m */ = {isa = PBXFileReference; fileEncoding = 4; lastKnownFileType = sourcecode.c.objc; name = HTTPServer.m; path = ../Project/HTTPServer.m; sourceTree = "<group>"; };
		54BDD16B10ADEB4D00F44A84 /* iPhoneHTTPServerAppDelegate.h */ = {isa = PBXFileReference; fileEncoding = 4; lastKnownFileType = sourcecode.c.h; name = iPhoneHTTPServerAppDelegate.h; path = ../Project/iPhoneHTTPServerAppDelegate.h; sourceTree = "<group>"; };
		54BDD16C10ADEB4D00F44A84 /* iPhoneHTTPServerAppDelegate.m */ = {isa = PBXFileReference; fileEncoding = 4; lastKnownFileType = sourcecode.c.objc; name = iPhoneHTTPServerAppDelegate.m; path = ../Project/iPhoneHTTPServerAppDelegate.m; sourceTree = "<group>"; };
		54BDD16D10ADEB4D00F44A84 /* localhostAddresses.h */ = {isa = PBXFileReference; fileEncoding = 4; lastKnownFileType = sourcecode.c.h; name = localhostAddresses.h; path = ../Project/localhostAddresses.h; sourceTree = "<group>"; };
		54BDD16E10ADEB4D00F44A84 /* localhostAddresses.m */ = {isa = PBXFileReference; fileEncoding = 4; lastKnownFileType = sourcecode.c.objc; name = localhostAddresses.m; path = ../Project/localhostAddresses.m; sourceTree = "<group>"; };
		54BDD16F10ADEB4D00F44A84 /* MyHTTPConnection.h */ = {isa = PBXFileReference; fileEncoding = 4; lastKnownFileType = sourcecode.c.h; name = MyHTTPConnection.h; path = ../Project/MyHTTPConnection.h; sourceTree = "<group>"; };
		54BDD17010ADEB4D00F44A84 /* MyHTTPConnection.m */ = {isa = PBXFileReference; fileEncoding = 4; lastKnownFileType = sourcecode.c.objc; name = MyHTTPConnection.m; path = ../Project/MyHTTPConnection.m; sourceTree = "<group>"; };
		54BDD19410ADEB6200F44A84 /* CFNetwork.framework */ = {isa = PBXFileReference; lastKnownFileType = wrapper.framework; name = CFNetwork.framework; path = ../../../Downloads/iPhoneHTTPServer3/iphoneos2.2/System/Library/Frameworks/CFNetwork.framework; sourceTree = SOURCE_ROOT; };
		8D1107310486CEB800E47090 /* Teacher-Info.plist */ = {isa = PBXFileReference; fileEncoding = 4; lastKnownFileType = text.plist.xml; name = "Teacher-Info.plist"; path = "../Teacher-Info.plist"; plistStructureDefinitionIdentifier = "com.apple.xcode.plist.structure-definition.iphone.info-plist"; sourceTree = "<group>"; };
		A8177E6C10C9AED40051A973 /* dist.plist */ = {isa = PBXFileReference; fileEncoding = 4; lastKnownFileType = text.plist.xml; path = dist.plist; sourceTree = "<group>"; };
		A829658B10A2224500D6F261 /* GKObjectSession.h */ = {isa = PBXFileReference; fileEncoding = 4; lastKnownFileType = sourcecode.c.h; path = GKObjectSession.h; sourceTree = "<group>"; };
		A829658C10A2224500D6F261 /* GKObjectSession.m */ = {isa = PBXFileReference; fileEncoding = 4; lastKnownFileType = sourcecode.c.objc; path = GKObjectSession.m; sourceTree = "<group>"; };
		A82965EF10A2301600D6F261 /* TextQuestionViewController.h */ = {isa = PBXFileReference; fileEncoding = 4; lastKnownFileType = sourcecode.c.h; path = TextQuestionViewController.h; sourceTree = "<group>"; };
		A82965F010A2301600D6F261 /* TextQuestionViewController.m */ = {isa = PBXFileReference; fileEncoding = 4; lastKnownFileType = sourcecode.c.objc; path = TextQuestionViewController.m; sourceTree = "<group>"; };
		A82965F110A2301600D6F261 /* TextQuestionViewController.xib */ = {isa = PBXFileReference; lastKnownFileType = file.xib; path = TextQuestionViewController.xib; sourceTree = "<group>"; };
		A848EE7F10A8C3D400FEABF0 /* NumericQuestionViewController.h */ = {isa = PBXFileReference; fileEncoding = 4; lastKnownFileType = sourcecode.c.h; path = NumericQuestionViewController.h; sourceTree = "<group>"; };
		A848EE8010A8C3D400FEABF0 /* NumericQuestionViewController.m */ = {isa = PBXFileReference; fileEncoding = 4; lastKnownFileType = sourcecode.c.objc; path = NumericQuestionViewController.m; sourceTree = "<group>"; };
		A848EE8110A8C3D400FEABF0 /* NumericQuestionViewController.xib */ = {isa = PBXFileReference; lastKnownFileType = file.xib; path = NumericQuestionViewController.xib; sourceTree = "<group>"; };
		A848EE8710A8CA1100FEABF0 /* QuestionViewController.h */ = {isa = PBXFileReference; fileEncoding = 4; lastKnownFileType = sourcecode.c.h; path = QuestionViewController.h; sourceTree = "<group>"; };
		A848EE8810A8CA1100FEABF0 /* QuestionViewController.m */ = {isa = PBXFileReference; fileEncoding = 4; lastKnownFileType = sourcecode.c.objc; path = QuestionViewController.m; sourceTree = "<group>"; };
		A84D20B210CACB6D004A4537 /* DouglassHS.mobileprovision */ = {isa = PBXFileReference; lastKnownFileType = file; name = DouglassHS.mobileprovision; path = provisioning/DouglassHS.mobileprovision; sourceTree = "<group>"; };
		A84D20B310CACB6D004A4537 /* DouglassHS_Adhoc.mobileprovision */ = {isa = PBXFileReference; lastKnownFileType = file; name = DouglassHS_Adhoc.mobileprovision; path = provisioning/DouglassHS_Adhoc.mobileprovision; sourceTree = "<group>"; };
		A86EF288109926B8007DF5DF /* Student-Info.plist */ = {isa = PBXFileReference; lastKnownFileType = text.plist.xml; name = "Student-Info.plist"; path = "../Student-Info.plist"; sourceTree = "<group>"; };
		A86EF294109927F7007DF5DF /* Config.h */ = {isa = PBXFileReference; fileEncoding = 4; lastKnownFileType = sourcecode.c.h; path = Config.h; sourceTree = "<group>"; };
		A86EF2CC1099291F007DF5DF /* GameKit.framework */ = {isa = PBXFileReference; lastKnownFileType = wrapper.framework; name = GameKit.framework; path = System/Library/Frameworks/GameKit.framework; sourceTree = SDKROOT; };
		A86EF2E9109929AF007DF5DF /* Student.app */ = {isa = PBXFileReference; explicitFileType = wrapper.application; includeInIndex = 0; path = Student.app; sourceTree = BUILT_PRODUCTS_DIR; };
		A86EF3FC10992AFF007DF5DF /* Student.h */ = {isa = PBXFileReference; fileEncoding = 4; lastKnownFileType = sourcecode.c.h; path = Student.h; sourceTree = "<group>"; };
		A86EF3FD10992AFF007DF5DF /* Student.m */ = {isa = PBXFileReference; fileEncoding = 4; lastKnownFileType = sourcecode.c.objc; path = Student.m; sourceTree = "<group>"; };
		A86EF446109933A5007DF5DF /* Client.h */ = {isa = PBXFileReference; fileEncoding = 4; lastKnownFileType = sourcecode.c.h; path = Client.h; sourceTree = "<group>"; };
		A86EF447109933A5007DF5DF /* Client.m */ = {isa = PBXFileReference; fileEncoding = 4; lastKnownFileType = sourcecode.c.objc; path = Client.m; sourceTree = "<group>"; };
		A86EF47A10994623007DF5DF /* StudentMainWindow.xib */ = {isa = PBXFileReference; lastKnownFileType = file.xib; name = StudentMainWindow.xib; path = ../StudentMainWindow.xib; sourceTree = "<group>"; };
		A86EF48110994681007DF5DF /* ConnectingViewController.h */ = {isa = PBXFileReference; fileEncoding = 4; lastKnownFileType = sourcecode.c.h; path = ConnectingViewController.h; sourceTree = "<group>"; };
		A86EF48210994681007DF5DF /* ConnectingViewController.m */ = {isa = PBXFileReference; fileEncoding = 4; lastKnownFileType = sourcecode.c.objc; path = ConnectingViewController.m; sourceTree = "<group>"; };
		A86EF48310994681007DF5DF /* ConnectingViewController.xib */ = {isa = PBXFileReference; lastKnownFileType = file.xib; path = ConnectingViewController.xib; sourceTree = "<group>"; };
		A86EF48410994681007DF5DF /* LoginViewController.h */ = {isa = PBXFileReference; fileEncoding = 4; lastKnownFileType = sourcecode.c.h; path = LoginViewController.h; sourceTree = "<group>"; };
		A86EF48510994681007DF5DF /* LoginViewController.m */ = {isa = PBXFileReference; fileEncoding = 4; lastKnownFileType = sourcecode.c.objc; path = LoginViewController.m; sourceTree = "<group>"; };
		A86EF48610994681007DF5DF /* LoginViewController.xib */ = {isa = PBXFileReference; lastKnownFileType = file.xib; path = LoginViewController.xib; sourceTree = "<group>"; };
		A86EF48710994681007DF5DF /* ResponseViewController.h */ = {isa = PBXFileReference; fileEncoding = 4; lastKnownFileType = sourcecode.c.h; path = ResponseViewController.h; sourceTree = "<group>"; };
		A86EF48810994681007DF5DF /* ResponseViewController.m */ = {isa = PBXFileReference; fileEncoding = 4; lastKnownFileType = sourcecode.c.objc; path = ResponseViewController.m; sourceTree = "<group>"; };
		A86EF48910994681007DF5DF /* ResponseViewController.xib */ = {isa = PBXFileReference; lastKnownFileType = file.xib; path = ResponseViewController.xib; sourceTree = "<group>"; };
		A86EF48C10994681007DF5DF /* StudentViewController.h */ = {isa = PBXFileReference; fileEncoding = 4; lastKnownFileType = sourcecode.c.h; path = StudentViewController.h; sourceTree = "<group>"; };
		A86EF48D10994681007DF5DF /* StudentViewController.m */ = {isa = PBXFileReference; fileEncoding = 4; lastKnownFileType = sourcecode.c.objc; path = StudentViewController.m; sourceTree = "<group>"; };
		A86EF4AE10994703007DF5DF /* AppDelegate.h */ = {isa = PBXFileReference; fileEncoding = 4; lastKnownFileType = sourcecode.c.h; path = AppDelegate.h; sourceTree = "<group>"; };
		A86EF4AF10994703007DF5DF /* AppDelegate.m */ = {isa = PBXFileReference; fileEncoding = 4; lastKnownFileType = sourcecode.c.objc; path = AppDelegate.m; sourceTree = "<group>"; };
		A86EF4FE10994BDB007DF5DF /* TestNavigationController.h */ = {isa = PBXFileReference; fileEncoding = 4; lastKnownFileType = sourcecode.c.h; path = TestNavigationController.h; sourceTree = "<group>"; };
		A86EF4FF10994BDB007DF5DF /* TestNavigationController.m */ = {isa = PBXFileReference; fileEncoding = 4; lastKnownFileType = sourcecode.c.objc; path = TestNavigationController.m; sourceTree = "<group>"; };
		A86EF50010994BDB007DF5DF /* TestNavigationController.xib */ = {isa = PBXFileReference; lastKnownFileType = file.xib; path = TestNavigationController.xib; sourceTree = "<group>"; };
		A873221A109F7CFE0066F806 /* LoginRequest.h */ = {isa = PBXFileReference; fileEncoding = 4; lastKnownFileType = sourcecode.c.h; path = LoginRequest.h; sourceTree = "<group>"; };
		A873221B109F7CFE0066F806 /* LoginRequest.m */ = {isa = PBXFileReference; fileEncoding = 4; lastKnownFileType = sourcecode.c.objc; path = LoginRequest.m; sourceTree = "<group>"; };
		A873221E109F7D130066F806 /* LoginRequestReply.h */ = {isa = PBXFileReference; fileEncoding = 4; lastKnownFileType = sourcecode.c.h; path = LoginRequestReply.h; sourceTree = "<group>"; };
		A873221F109F7D130066F806 /* LoginRequestReply.m */ = {isa = PBXFileReference; fileEncoding = 4; lastKnownFileType = sourcecode.c.objc; path = LoginRequestReply.m; sourceTree = "<group>"; };
		A8732222109F7D5F0066F806 /* ResponseRequest.h */ = {isa = PBXFileReference; fileEncoding = 4; lastKnownFileType = sourcecode.c.h; path = ResponseRequest.h; sourceTree = "<group>"; };
		A8732223109F7D5F0066F806 /* ResponseRequest.m */ = {isa = PBXFileReference; fileEncoding = 4; lastKnownFileType = sourcecode.c.objc; path = ResponseRequest.m; sourceTree = "<group>"; };
		A87DAC3A1098E62900F93F02 /* Supervisor.h */ = {isa = PBXFileReference; fileEncoding = 4; lastKnownFileType = sourcecode.c.h; path = Supervisor.h; sourceTree = "<group>"; };
		A87DAC3B1098E62900F93F02 /* Supervisor.m */ = {isa = PBXFileReference; fileEncoding = 4; lastKnownFileType = sourcecode.c.objc; path = Supervisor.m; sourceTree = "<group>"; };
		A87DAC3E1098E86B00F93F02 /* Response.h */ = {isa = PBXFileReference; fileEncoding = 4; lastKnownFileType = sourcecode.c.h; path = Response.h; sourceTree = "<group>"; };
		A87DAC3F1098E86B00F93F02 /* Response.m */ = {isa = PBXFileReference; fileEncoding = 4; lastKnownFileType = sourcecode.c.objc; path = Response.m; sourceTree = "<group>"; };
		A87DAC411098EE2C00F93F02 /* Question.h */ = {isa = PBXFileReference; fileEncoding = 4; lastKnownFileType = sourcecode.c.h; path = Question.h; sourceTree = "<group>"; };
		A87DAC421098EE2C00F93F02 /* Question.m */ = {isa = PBXFileReference; fileEncoding = 4; lastKnownFileType = sourcecode.c.objc; path = Question.m; sourceTree = "<group>"; };
		A87DAC441098EEE000F93F02 /* Test.h */ = {isa = PBXFileReference; fileEncoding = 4; lastKnownFileType = sourcecode.c.h; path = Test.h; sourceTree = "<group>"; };
		A87DAC451098EEE000F93F02 /* Test.m */ = {isa = PBXFileReference; fileEncoding = 4; lastKnownFileType = sourcecode.c.objc; path = Test.m; sourceTree = "<group>"; };
		A895B2371086763F006DE1E6 /* TestViewController.h */ = {isa = PBXFileReference; fileEncoding = 4; lastKnownFileType = sourcecode.c.h; path = TestViewController.h; sourceTree = "<group>"; };
		A895B2381086763F006DE1E6 /* TestViewController.m */ = {isa = PBXFileReference; fileEncoding = 4; lastKnownFileType = sourcecode.c.objc; path = TestViewController.m; sourceTree = "<group>"; };
		A895B2391086763F006DE1E6 /* TestViewController.xib */ = {isa = PBXFileReference; lastKnownFileType = file.xib; path = TestViewController.xib; sourceTree = "<group>"; };
		A895B26610867A4E006DE1E6 /* ConnectedDevicesViewController.h */ = {isa = PBXFileReference; fileEncoding = 4; lastKnownFileType = sourcecode.c.h; path = ConnectedDevicesViewController.h; sourceTree = "<group>"; };
		A895B26710867A4E006DE1E6 /* ConnectedDevicesViewController.m */ = {isa = PBXFileReference; fileEncoding = 4; lastKnownFileType = sourcecode.c.objc; path = ConnectedDevicesViewController.m; sourceTree = "<group>"; };
		A895B26810867A4E006DE1E6 /* ConnectedDevicesViewController.xib */ = {isa = PBXFileReference; lastKnownFileType = file.xib; path = ConnectedDevicesViewController.xib; sourceTree = "<group>"; };
		A895B26B10867CB0006DE1E6 /* device_connected.png */ = {isa = PBXFileReference; lastKnownFileType = image.png; path = device_connected.png; sourceTree = "<group>"; };
		A895B26C10867CB0006DE1E6 /* device_notconnected.png */ = {isa = PBXFileReference; lastKnownFileType = image.png; path = device_notconnected.png; sourceTree = "<group>"; };
		A895B27110867D5A006DE1E6 /* graph_icon.png */ = {isa = PBXFileReference; lastKnownFileType = image.png; path = graph_icon.png; sourceTree = "<group>"; };
		A895B27210867D5A006DE1E6 /* import_export_icon.png */ = {isa = PBXFileReference; lastKnownFileType = image.png; path = import_export_icon.png; sourceTree = "<group>"; };
		A895B27310867D5A006DE1E6 /* test_icon.png */ = {isa = PBXFileReference; lastKnownFileType = image.png; path = test_icon.png; sourceTree = "<group>"; };
		A8D2FB7910ADDCBD008F8516 /* Util.h */ = {isa = PBXFileReference; fileEncoding = 4; lastKnownFileType = sourcecode.c.h; name = Util.h; path = Classes/Util.h; sourceTree = "<group>"; };
		A8D2FB7A10ADDCBD008F8516 /* Util.m */ = {isa = PBXFileReference; fileEncoding = 4; lastKnownFileType = sourcecode.c.objc; name = Util.m; path = Classes/Util.m; sourceTree = "<group>"; };
		A8D2FB7D10ADDCCA008F8516 /* JSON.h */ = {isa = PBXFileReference; fileEncoding = 4; lastKnownFileType = sourcecode.c.h; path = JSON.h; sourceTree = "<group>"; };
		A8D2FB7E10ADDCCA008F8516 /* NSObject+SBJSON.h */ = {isa = PBXFileReference; fileEncoding = 4; lastKnownFileType = sourcecode.c.h; path = "NSObject+SBJSON.h"; sourceTree = "<group>"; };
		A8D2FB7F10ADDCCA008F8516 /* NSObject+SBJSON.m */ = {isa = PBXFileReference; fileEncoding = 4; lastKnownFileType = sourcecode.c.objc; path = "NSObject+SBJSON.m"; sourceTree = "<group>"; };
		A8D2FB8010ADDCCA008F8516 /* NSString+SBJSON.h */ = {isa = PBXFileReference; fileEncoding = 4; lastKnownFileType = sourcecode.c.h; path = "NSString+SBJSON.h"; sourceTree = "<group>"; };
		A8D2FB8110ADDCCA008F8516 /* NSString+SBJSON.m */ = {isa = PBXFileReference; fileEncoding = 4; lastKnownFileType = sourcecode.c.objc; path = "NSString+SBJSON.m"; sourceTree = "<group>"; };
		A8D2FB8210ADDCCA008F8516 /* SBJSON.h */ = {isa = PBXFileReference; fileEncoding = 4; lastKnownFileType = sourcecode.c.h; path = SBJSON.h; sourceTree = "<group>"; };
		A8D2FB8310ADDCCA008F8516 /* SBJSON.m */ = {isa = PBXFileReference; fileEncoding = 4; lastKnownFileType = sourcecode.c.objc; path = SBJSON.m; sourceTree = "<group>"; };
		A8D2FB8F10ADE02D008F8516 /* BooleanQuestionViewController.h */ = {isa = PBXFileReference; fileEncoding = 4; lastKnownFileType = sourcecode.c.h; path = BooleanQuestionViewController.h; sourceTree = "<group>"; };
		A8D2FB9010ADE02D008F8516 /* BooleanQuestionViewController.m */ = {isa = PBXFileReference; fileEncoding = 4; lastKnownFileType = sourcecode.c.objc; path = BooleanQuestionViewController.m; sourceTree = "<group>"; };
		A8D2FB9110ADE02D008F8516 /* BooleanQuestionViewController.xib */ = {isa = PBXFileReference; lastKnownFileType = file.xib; path = BooleanQuestionViewController.xib; sourceTree = "<group>"; };
		A8D2FB9710ADE244008F8516 /* MultipleChoiceQuestionViewController.h */ = {isa = PBXFileReference; fileEncoding = 4; lastKnownFileType = sourcecode.c.h; path = MultipleChoiceQuestionViewController.h; sourceTree = "<group>"; };
		A8D2FB9810ADE244008F8516 /* MultipleChoiceQuestionViewController.m */ = {isa = PBXFileReference; fileEncoding = 4; lastKnownFileType = sourcecode.c.objc; path = MultipleChoiceQuestionViewController.m; sourceTree = "<group>"; };
		A8D2FB9910ADE244008F8516 /* MultipleChoiceQuestionViewController.xib */ = {isa = PBXFileReference; lastKnownFileType = file.xib; path = MultipleChoiceQuestionViewController.xib; sourceTree = "<group>"; };
		A8D2FB9E10ADE2F1008F8516 /* MultipleChoiceQuestion.h */ = {isa = PBXFileReference; fileEncoding = 4; lastKnownFileType = sourcecode.c.h; path = MultipleChoiceQuestion.h; sourceTree = "<group>"; };
		A8D2FB9F10ADE2F1008F8516 /* MultipleChoiceQuestion.m */ = {isa = PBXFileReference; fileEncoding = 4; lastKnownFileType = sourcecode.c.objc; path = MultipleChoiceQuestion.m; sourceTree = "<group>"; };
		A8D2FC3110ADEBC4008F8516 /* libsqlite3.0.dylib */ = {isa = PBXFileReference; lastKnownFileType = "compiled.mach-o.dylib"; name = libsqlite3.0.dylib; path = usr/lib/libsqlite3.0.dylib; sourceTree = SDKROOT; };
		A8DFA37710C7155C00FE8587 /* DoneViewController.h */ = {isa = PBXFileReference; fileEncoding = 4; lastKnownFileType = sourcecode.c.h; path = DoneViewController.h; sourceTree = "<group>"; };
		A8DFA37810C7155C00FE8587 /* DoneViewController.m */ = {isa = PBXFileReference; fileEncoding = 4; lastKnownFileType = sourcecode.c.objc; path = DoneViewController.m; sourceTree = "<group>"; };
		A8DFA37910C7155C00FE8587 /* DoneViewController.xib */ = {isa = PBXFileReference; lastKnownFileType = file.xib; path = DoneViewController.xib; sourceTree = "<group>"; };
		A8DFA37A10C7155C00FE8587 /* FinishedViewController.h */ = {isa = PBXFileReference; fileEncoding = 4; lastKnownFileType = sourcecode.c.h; path = FinishedViewController.h; sourceTree = "<group>"; };
		A8DFA37B10C7155C00FE8587 /* FinishedViewController.m */ = {isa = PBXFileReference; fileEncoding = 4; lastKnownFileType = sourcecode.c.objc; path = FinishedViewController.m; sourceTree = "<group>"; };
		A8DFA37C10C7155C00FE8587 /* FinishedViewController.xib */ = {isa = PBXFileReference; lastKnownFileType = file.xib; path = FinishedViewController.xib; sourceTree = "<group>"; };
		A8DFA37D10C7155C00FE8587 /* SupervisorViewController.h */ = {isa = PBXFileReference; fileEncoding = 4; lastKnownFileType = sourcecode.c.h; path = SupervisorViewController.h; sourceTree = "<group>"; };
		A8DFA37E10C7155C00FE8587 /* SupervisorViewController.m */ = {isa = PBXFileReference; fileEncoding = 4; lastKnownFileType = sourcecode.c.objc; path = SupervisorViewController.m; sourceTree = "<group>"; };
		A8DFA37F10C7155C00FE8587 /* SupervisorViewController.xib */ = {isa = PBXFileReference; lastKnownFileType = file.xib; path = SupervisorViewController.xib; sourceTree = "<group>"; };
		A8DFA38C10C7159400FE8587 /* QuestionsRequest.h */ = {isa = PBXFileReference; fileEncoding = 4; lastKnownFileType = sourcecode.c.h; path = QuestionsRequest.h; sourceTree = "<group>"; };
		A8DFA38D10C7159400FE8587 /* QuestionsRequest.m */ = {isa = PBXFileReference; fileEncoding = 4; lastKnownFileType = sourcecode.c.objc; path = QuestionsRequest.m; sourceTree = "<group>"; };
		A8DFA38E10C7159400FE8587 /* TestResponsesRequest.h */ = {isa = PBXFileReference; fileEncoding = 4; lastKnownFileType = sourcecode.c.h; path = TestResponsesRequest.h; sourceTree = "<group>"; };
		A8DFA38F10C7159400FE8587 /* TestResponsesRequest.m */ = {isa = PBXFileReference; fileEncoding = 4; lastKnownFileType = sourcecode.c.objc; path = TestResponsesRequest.m; sourceTree = "<group>"; };
		A8DFA39510C715B000FE8587 /* CommTestMainWindow.h */ = {isa = PBXFileReference; fileEncoding = 4; lastKnownFileType = sourcecode.c.h; path = CommTestMainWindow.h; sourceTree = "<group>"; };
		A8DFA39610C715B000FE8587 /* CommTestMainWindow.m */ = {isa = PBXFileReference; fileEncoding = 4; lastKnownFileType = sourcecode.c.objc; path = CommTestMainWindow.m; sourceTree = "<group>"; };
		A8DFA39710C715B000FE8587 /* CommTestMainWindow.xib */ = {isa = PBXFileReference; lastKnownFileType = file.xib; path = CommTestMainWindow.xib; sourceTree = "<group>"; };
		A8DFA39C10C715C500FE8587 /* ClientStatus.h */ = {isa = PBXFileReference; fileEncoding = 4; lastKnownFileType = sourcecode.c.h; path = ClientStatus.h; sourceTree = "<group>"; };
		A8DFA39D10C715C500FE8587 /* ClientStatus.m */ = {isa = PBXFileReference; fileEncoding = 4; lastKnownFileType = sourcecode.c.objc; path = ClientStatus.m; sourceTree = "<group>"; };
		A8DFA39E10C715C500FE8587 /* DeviceInfoRequest.h */ = {isa = PBXFileReference; fileEncoding = 4; lastKnownFileType = sourcecode.c.h; path = DeviceInfoRequest.h; sourceTree = "<group>"; };
		A8DFA39F10C715C500FE8587 /* DeviceInfoRequest.m */ = {isa = PBXFileReference; fileEncoding = 4; lastKnownFileType = sourcecode.c.objc; path = DeviceInfoRequest.m; sourceTree = "<group>"; };
		A8DFA3A010C715C500FE8587 /* GKObjectRequest.h */ = {isa = PBXFileReference; fileEncoding = 4; lastKnownFileType = sourcecode.c.h; path = GKObjectRequest.h; sourceTree = "<group>"; };
		A8DFA3A110C715C500FE8587 /* GKObjectRequest.m */ = {isa = PBXFileReference; fileEncoding = 4; lastKnownFileType = sourcecode.c.objc; path = GKObjectRequest.m; sourceTree = "<group>"; };
		A8DFA3A210C715C500FE8587 /* GKPeerNetworkSession.h */ = {isa = PBXFileReference; fileEncoding = 4; lastKnownFileType = sourcecode.c.h; path = GKPeerNetworkSession.h; sourceTree = "<group>"; };
		A8DFA3A310C715C500FE8587 /* GKPeerNetworkSession.m */ = {isa = PBXFileReference; fileEncoding = 4; lastKnownFileType = sourcecode.c.objc; path = GKPeerNetworkSession.m; sourceTree = "<group>"; };
		A8DFA3A410C715C500FE8587 /* HopRequest.h */ = {isa = PBXFileReference; fileEncoding = 4; lastKnownFileType = sourcecode.c.h; path = HopRequest.h; sourceTree = "<group>"; };
		A8DFA3A510C715C500FE8587 /* HopRequest.m */ = {isa = PBXFileReference; fileEncoding = 4; lastKnownFileType = sourcecode.c.objc; path = HopRequest.m; sourceTree = "<group>"; };
		A8DFA3B110C7188600FE8587 /* QuizServiceHttpConnection.h */ = {isa = PBXFileReference; fileEncoding = 4; lastKnownFileType = sourcecode.c.h; path = QuizServiceHttpConnection.h; sourceTree = "<group>"; };
		A8DFA3B210C7188600FE8587 /* QuizServiceHttpConnection.m */ = {isa = PBXFileReference; fileEncoding = 4; lastKnownFileType = sourcecode.c.objc; path = QuizServiceHttpConnection.m; sourceTree = "<group>"; };
		A8DFA3BE10C71E3600FE8587 /* GetRequest.h */ = {isa = PBXFileReference; fileEncoding = 4; lastKnownFileType = sourcecode.c.h; path = GetRequest.h; sourceTree = "<group>"; };
		A8DFA3BF10C71E3600FE8587 /* GetRequest.m */ = {isa = PBXFileReference; fileEncoding = 4; lastKnownFileType = sourcecode.c.objc; path = GetRequest.m; sourceTree = "<group>"; };
		A8DFA3C010C71E3600FE8587 /* PostRequest.h */ = {isa = PBXFileReference; fileEncoding = 4; lastKnownFileType = sourcecode.c.h; path = PostRequest.h; sourceTree = "<group>"; };
		A8DFA3C110C71E3600FE8587 /* PostRequest.m */ = {isa = PBXFileReference; fileEncoding = 4; lastKnownFileType = sourcecode.c.objc; path = PostRequest.m; sourceTree = "<group>"; };
		A8DFA3C610C7208A00FE8587 /* WifiClient.h */ = {isa = PBXFileReference; fileEncoding = 4; lastKnownFileType = sourcecode.c.h; path = WifiClient.h; sourceTree = "<group>"; };
		A8DFA3C710C7208A00FE8587 /* WifiClient.m */ = {isa = PBXFileReference; fileEncoding = 4; lastKnownFileType = sourcecode.c.objc; path = WifiClient.m; sourceTree = "<group>"; };
		A8DFA57A10C7563800FE8587 /* QuizServiceHttpServer.h */ = {isa = PBXFileReference; fileEncoding = 4; lastKnownFileType = sourcecode.c.h; name = QuizServiceHttpServer.h; path = ../QuizServiceHttpServer.h; sourceTree = "<group>"; };
		A8DFA57B10C7563800FE8587 /* QuizServiceHttpServer.m */ = {isa = PBXFileReference; fileEncoding = 4; lastKnownFileType = sourcecode.c.objc; name = QuizServiceHttpServer.m; path = ../QuizServiceHttpServer.m; sourceTree = "<group>"; };
/* End PBXFileReference section */

/* Begin PBXFrameworksBuildPhase section */
		1D60588F0D05DD3D006BFB54 /* Frameworks */ = {
			isa = PBXFrameworksBuildPhase;
			buildActionMask = 2147483647;
			files = (
				1D60589F0D05DD5A006BFB54 /* Foundation.framework in Frameworks */,
				1DF5F4E00D08C38300B7A737 /* UIKit.framework in Frameworks */,
				288765A50DF7441C002DB57D /* CoreGraphics.framework in Frameworks */,
				A86EF2CD1099291F007DF5DF /* GameKit.framework in Frameworks */,
				54BDD19510ADEB6200F44A84 /* CFNetwork.framework in Frameworks */,
				A8D2FC3310ADEBC4008F8516 /* libsqlite3.0.dylib in Frameworks */,
			);
			runOnlyForDeploymentPostprocessing = 0;
		};
		A86EF2E7109929AF007DF5DF /* Frameworks */ = {
			isa = PBXFrameworksBuildPhase;
			buildActionMask = 2147483647;
			files = (
				A86EF3A710992A3C007DF5DF /* CoreGraphics.framework in Frameworks */,
				A86EF3A810992A3C007DF5DF /* Foundation.framework in Frameworks */,
				A86EF3A910992A3C007DF5DF /* GameKit.framework in Frameworks */,
				A86EF3AA10992A3C007DF5DF /* UIKit.framework in Frameworks */,
				54BDD19610ADEB6200F44A84 /* CFNetwork.framework in Frameworks */,
				A8D2FC3210ADEBC4008F8516 /* libsqlite3.0.dylib in Frameworks */,
			);
			runOnlyForDeploymentPostprocessing = 0;
		};
/* End PBXFrameworksBuildPhase section */

/* Begin PBXGroup section */
		080E96DDFE201D6D7F000001 /* Classes */ = {
			isa = PBXGroup;
			children = (
				A8DFA39410C7159800FE8587 /* Comm Test */,
				5463FF2E10B3383100914064 /* HTTP Server */,
				5463FF2D10B3381B00914064 /* Database */,
				A8D2FB7610ADDC2B008F8516 /* JSON */,
				A8732219109F7CE40066F806 /* CommunicationObjects */,
				A87DAC3D1098E86100F93F02 /* Model */,
				A87DAC391098E61600F93F02 /* Supervisor */,
				A86EF44510993391007DF5DF /* Client */,
			);
			path = Classes;
			sourceTree = "<group>";
		};
		19C28FACFE9D520D11CA2CBB /* Products */ = {
			isa = PBXGroup;
			children = (
				1D6058910D05DD3D006BFB54 /* Teacher.app */,
				A86EF2E9109929AF007DF5DF /* Student.app */,
			);
			name = Products;
			sourceTree = "<group>";
		};
		29B97314FDCFA39411CA2CEA /* CustomTemplate */ = {
			isa = PBXGroup;
			children = (
				080E96DDFE201D6D7F000001 /* Classes */,
				29B97315FDCFA39411CA2CEA /* Other Sources */,
				29B97317FDCFA39411CA2CEA /* Resources */,
				29B97323FDCFA39411CA2CEA /* Frameworks */,
				19C28FACFE9D520D11CA2CBB /* Products */,
			);
			name = CustomTemplate;
			sourceTree = "<group>";
		};
		29B97315FDCFA39411CA2CEA /* Other Sources */ = {
			isa = PBXGroup;
			children = (
				A84D20B110CACB42004A4537 /* provisioning */,
				A8177E6C10C9AED40051A973 /* dist.plist */,
				A8D2FB7910ADDCBD008F8516 /* Util.h */,
				A8D2FB7A10ADDCBD008F8516 /* Util.m */,
				5463022010BB3E1C00914064 /* database.sqlite */,
				32CA4F630368D1EE00C91783 /* Teacher_Prefix.pch */,
				5463027010BC566800914064 /* student.htm */,
				29B97316FDCFA39411CA2CEA /* main.m */,
				5463017F10B5FAE500914064 /* jquery.min.js */,
				A86EF294109927F7007DF5DF /* Config.h */,
				5463027310BC56B300914064 /* submitted.htm */,
				5463027610BC56D400914064 /* makeTest.htm */,
				A86EF4AE10994703007DF5DF /* AppDelegate.h */,
				A86EF4AF10994703007DF5DF /* AppDelegate.m */,
			);
			name = "Other Sources";
			sourceTree = "<group>";
		};
		29B97317FDCFA39411CA2CEA /* Resources */ = {
			isa = PBXGroup;
			children = (
				A895B27110867D5A006DE1E6 /* graph_icon.png */,
				A895B27210867D5A006DE1E6 /* import_export_icon.png */,
				A895B27310867D5A006DE1E6 /* test_icon.png */,
				A895B26B10867CB0006DE1E6 /* device_connected.png */,
				A895B26C10867CB0006DE1E6 /* device_notconnected.png */,
			);
			name = Resources;
			sourceTree = "<group>";
		};
		29B97323FDCFA39411CA2CEA /* Frameworks */ = {
			isa = PBXGroup;
			children = (
				A8D2FC3110ADEBC4008F8516 /* libsqlite3.0.dylib */,
				54BDD19410ADEB6200F44A84 /* CFNetwork.framework */,
				A86EF2CC1099291F007DF5DF /* GameKit.framework */,
				1DF5F4DF0D08C38300B7A737 /* UIKit.framework */,
				1D30AB110D05D00D00671497 /* Foundation.framework */,
				288765A40DF7441C002DB57D /* CoreGraphics.framework */,
			);
			name = Frameworks;
			sourceTree = "<group>";
		};
		5463FF2D10B3381B00914064 /* Database */ = {
			isa = PBXGroup;
			children = (
				54BDD15B10ADEB4D00F44A84 /* DatabaseConnection.h */,
				54BDD15C10ADEB4D00F44A84 /* DatabaseConnection.m */,
			);
			name = Database;
			sourceTree = "<group>";
		};
		5463FF2E10B3383100914064 /* HTTP Server */ = {
			isa = PBXGroup;
			children = (
				5463FF2F10B3385600914064 /* UI */,
				54BDD1E310ADED8800F44A84 /* Http */,
				54BDD16810ADEB4D00F44A84 /* HTTPResponse.m */,
				54BDD16710ADEB4D00F44A84 /* HTTPResponse.h */,
				54BDD16310ADEB4D00F44A84 /* HTTPAuthenticationRequest.h */,
				54BDD16F10ADEB4D00F44A84 /* MyHTTPConnection.h */,
				54BDD17010ADEB4D00F44A84 /* MyHTTPConnection.m */,
				54BDD16510ADEB4D00F44A84 /* HTTPConnection.h */,
				54BDD16610ADEB4D00F44A84 /* HTTPConnection.m */,
				54BDD16410ADEB4D00F44A84 /* HTTPAuthenticationRequest.m */,
				54BDD16910ADEB4D00F44A84 /* HTTPServer.h */,
				54BDD16A10ADEB4D00F44A84 /* HTTPServer.m */,
				54BDD15910ADEB4D00F44A84 /* AsyncSocket.h */,
				54BDD15A10ADEB4D00F44A84 /* AsyncSocket.m */,
				54BDD15D10ADEB4D00F44A84 /* DDData.h */,
				54BDD15E10ADEB4D00F44A84 /* DDData.m */,
				54BDD15F10ADEB4D00F44A84 /* DDNumber.h */,
				54BDD16010ADEB4D00F44A84 /* DDNumber.m */,
				54BDD16110ADEB4D00F44A84 /* DDRange.h */,
				54BDD16210ADEB4D00F44A84 /* DDRange.m */,
				54BDD16B10ADEB4D00F44A84 /* iPhoneHTTPServerAppDelegate.h */,
				54BDD16C10ADEB4D00F44A84 /* iPhoneHTTPServerAppDelegate.m */,
				54BDD16D10ADEB4D00F44A84 /* localhostAddresses.h */,
				54BDD16E10ADEB4D00F44A84 /* localhostAddresses.m */,
				A8DFA3B110C7188600FE8587 /* QuizServiceHttpConnection.h */,
				A8DFA3B210C7188600FE8587 /* QuizServiceHttpConnection.m */,
				A8DFA57A10C7563800FE8587 /* QuizServiceHttpServer.h */,
				A8DFA57B10C7563800FE8587 /* QuizServiceHttpServer.m */,
			);
			name = "HTTP Server";
			sourceTree = "<group>";
		};
		5463FF2F10B3385600914064 /* UI */ = {
			isa = PBXGroup;
			children = (
				5463FF3010B3387E00914064 /* HTTPViewController.h */,
				5463FF3110B3387E00914064 /* HTTPViewController.m */,
				5463FF3210B3387E00914064 /* HTTPViewController.xib */,
			);
			name = UI;
			sourceTree = "<group>";
		};
		54BDD1E310ADED8800F44A84 /* Http */ = {
			isa = PBXGroup;
			children = (
			);
			name = Http;
			path = ..;
			sourceTree = "<group>";
		};
		A82965F610A2302600D6F261 /* Question UIs */ = {
			isa = PBXGroup;
			children = (
				A82965EF10A2301600D6F261 /* TextQuestionViewController.h */,
				A82965F010A2301600D6F261 /* TextQuestionViewController.m */,
				A82965F110A2301600D6F261 /* TextQuestionViewController.xib */,
				A848EE7F10A8C3D400FEABF0 /* NumericQuestionViewController.h */,
				A848EE8010A8C3D400FEABF0 /* NumericQuestionViewController.m */,
				A848EE8110A8C3D400FEABF0 /* NumericQuestionViewController.xib */,
				A848EE8710A8CA1100FEABF0 /* QuestionViewController.h */,
				A848EE8810A8CA1100FEABF0 /* QuestionViewController.m */,
				A8D2FB8F10ADE02D008F8516 /* BooleanQuestionViewController.h */,
				A8D2FB9010ADE02D008F8516 /* BooleanQuestionViewController.m */,
				A8D2FB9110ADE02D008F8516 /* BooleanQuestionViewController.xib */,
				A8D2FB9710ADE244008F8516 /* MultipleChoiceQuestionViewController.h */,
				A8D2FB9810ADE244008F8516 /* MultipleChoiceQuestionViewController.m */,
				A8D2FB9910ADE244008F8516 /* MultipleChoiceQuestionViewController.xib */,
			);
			name = "Question UIs";
			sourceTree = "<group>";
		};
		A84D20B110CACB42004A4537 /* provisioning */ = {
			isa = PBXGroup;
			children = (
				A84D20B210CACB6D004A4537 /* DouglassHS.mobileprovision */,
				A84D20B310CACB6D004A4537 /* DouglassHS_Adhoc.mobileprovision */,
			);
			name = provisioning;
			sourceTree = "<group>";
		};
		A86EF44510993391007DF5DF /* Client */ = {
			isa = PBXGroup;
			children = (
				A86EF288109926B8007DF5DF /* Student-Info.plist */,
				A86EF47A10994623007DF5DF /* StudentMainWindow.xib */,
				A86EF4671099456A007DF5DF /* UI */,
				A86EF446109933A5007DF5DF /* Client.h */,
				A86EF447109933A5007DF5DF /* Client.m */,
				A8DFA3C610C7208A00FE8587 /* WifiClient.h */,
				A8DFA3C710C7208A00FE8587 /* WifiClient.m */,
			);
			name = Client;
			sourceTree = "<group>";
		};
		A86EF4671099456A007DF5DF /* UI */ = {
			isa = PBXGroup;
			children = (
				A82965F610A2302600D6F261 /* Question UIs */,
				A86EF48110994681007DF5DF /* ConnectingViewController.h */,
				A86EF48210994681007DF5DF /* ConnectingViewController.m */,
				A8DFA37710C7155C00FE8587 /* DoneViewController.h */,
				A8DFA37810C7155C00FE8587 /* DoneViewController.m */,
				A8DFA37910C7155C00FE8587 /* DoneViewController.xib */,
				A8DFA37A10C7155C00FE8587 /* FinishedViewController.h */,
				A8DFA37B10C7155C00FE8587 /* FinishedViewController.m */,
				A8DFA37C10C7155C00FE8587 /* FinishedViewController.xib */,
				A86EF48310994681007DF5DF /* ConnectingViewController.xib */,
				A86EF48410994681007DF5DF /* LoginViewController.h */,
				A86EF48510994681007DF5DF /* LoginViewController.m */,
				A86EF48610994681007DF5DF /* LoginViewController.xib */,
				A86EF48710994681007DF5DF /* ResponseViewController.h */,
				A86EF48810994681007DF5DF /* ResponseViewController.m */,
				A86EF48910994681007DF5DF /* ResponseViewController.xib */,
				A86EF48C10994681007DF5DF /* StudentViewController.h */,
				A86EF48D10994681007DF5DF /* StudentViewController.m */,
				A86EF4FE10994BDB007DF5DF /* TestNavigationController.h */,
				A86EF4FF10994BDB007DF5DF /* TestNavigationController.m */,
				A86EF50010994BDB007DF5DF /* TestNavigationController.xib */,
			);
			name = UI;
			sourceTree = "<group>";
		};
		A8732219109F7CE40066F806 /* CommunicationObjects */ = {
			isa = PBXGroup;
			children = (
				A8DFA3BE10C71E3600FE8587 /* GetRequest.h */,
				A8DFA3BF10C71E3600FE8587 /* GetRequest.m */,
				A8DFA3C010C71E3600FE8587 /* PostRequest.h */,
				A8DFA3C110C71E3600FE8587 /* PostRequest.m */,
				A8DFA39C10C715C500FE8587 /* ClientStatus.h */,
				A8DFA39D10C715C500FE8587 /* ClientStatus.m */,
				A8DFA39E10C715C500FE8587 /* DeviceInfoRequest.h */,
				A8DFA39F10C715C500FE8587 /* DeviceInfoRequest.m */,
				A8DFA3A010C715C500FE8587 /* GKObjectRequest.h */,
				A8DFA3A110C715C500FE8587 /* GKObjectRequest.m */,
				A8DFA3A210C715C500FE8587 /* GKPeerNetworkSession.h */,
				A8DFA3A310C715C500FE8587 /* GKPeerNetworkSession.m */,
				A8DFA3A410C715C500FE8587 /* HopRequest.h */,
				A8DFA3A510C715C500FE8587 /* HopRequest.m */,
				A8DFA38C10C7159400FE8587 /* QuestionsRequest.h */,
				A8DFA38D10C7159400FE8587 /* QuestionsRequest.m */,
				A8DFA38E10C7159400FE8587 /* TestResponsesRequest.h */,
				A8DFA38F10C7159400FE8587 /* TestResponsesRequest.m */,
				A873221A109F7CFE0066F806 /* LoginRequest.h */,
				A873221B109F7CFE0066F806 /* LoginRequest.m */,
				A873221E109F7D130066F806 /* LoginRequestReply.h */,
				A873221F109F7D130066F806 /* LoginRequestReply.m */,
				A8732222109F7D5F0066F806 /* ResponseRequest.h */,
				A8732223109F7D5F0066F806 /* ResponseRequest.m */,
				A829658B10A2224500D6F261 /* GKObjectSession.h */,
				A829658C10A2224500D6F261 /* GKObjectSession.m */,
			);
			name = CommunicationObjects;
			sourceTree = "<group>";
		};
		A87DAC391098E61600F93F02 /* Supervisor */ = {
			isa = PBXGroup;
			children = (
				8D1107310486CEB800E47090 /* Teacher-Info.plist */,
				28AD733E0D9D9553002E5188 /* TeacherMainWindow.xib */,
				A895B23610867632006DE1E6 /* UI */,
				A87DAC3A1098E62900F93F02 /* Supervisor.h */,
				A87DAC3B1098E62900F93F02 /* Supervisor.m */,
			);
			name = Supervisor;
			sourceTree = "<group>";
		};
		A87DAC3D1098E86100F93F02 /* Model */ = {
			isa = PBXGroup;
			children = (
				A87DAC3E1098E86B00F93F02 /* Response.h */,
				A87DAC3F1098E86B00F93F02 /* Response.m */,
				A87DAC411098EE2C00F93F02 /* Question.h */,
				A87DAC421098EE2C00F93F02 /* Question.m */,
				A87DAC441098EEE000F93F02 /* Test.h */,
				A87DAC451098EEE000F93F02 /* Test.m */,
				A86EF3FC10992AFF007DF5DF /* Student.h */,
				A86EF3FD10992AFF007DF5DF /* Student.m */,
				A8D2FB9E10ADE2F1008F8516 /* MultipleChoiceQuestion.h */,
				A8D2FB9F10ADE2F1008F8516 /* MultipleChoiceQuestion.m */,
			);
			name = Model;
			sourceTree = "<group>";
		};
		A895B23610867632006DE1E6 /* UI */ = {
			isa = PBXGroup;
			children = (
				A8DFA37D10C7155C00FE8587 /* SupervisorViewController.h */,
				A8DFA37E10C7155C00FE8587 /* SupervisorViewController.m */,
				A8DFA37F10C7155C00FE8587 /* SupervisorViewController.xib */,
				A895B2371086763F006DE1E6 /* TestViewController.h */,
				A895B2381086763F006DE1E6 /* TestViewController.m */,
				A895B2391086763F006DE1E6 /* TestViewController.xib */,
				A895B26610867A4E006DE1E6 /* ConnectedDevicesViewController.h */,
				A895B26710867A4E006DE1E6 /* ConnectedDevicesViewController.m */,
				A895B26810867A4E006DE1E6 /* ConnectedDevicesViewController.xib */,
				28D7ACF60DDB3853001CB0EB /* TeacherViewController.h */,
				28D7ACF70DDB3853001CB0EB /* TeacherViewController.m */,
				2899E5210DE3E06400AC0155 /* TeacherViewController.xib */,
			);
			name = UI;
			sourceTree = "<group>";
		};
		A8D2FB7610ADDC2B008F8516 /* JSON */ = {
			isa = PBXGroup;
			children = (
				A8D2FB7D10ADDCCA008F8516 /* JSON.h */,
				A8D2FB7E10ADDCCA008F8516 /* NSObject+SBJSON.h */,
				A8D2FB7F10ADDCCA008F8516 /* NSObject+SBJSON.m */,
				A8D2FB8010ADDCCA008F8516 /* NSString+SBJSON.h */,
				A8D2FB8110ADDCCA008F8516 /* NSString+SBJSON.m */,
				A8D2FB8210ADDCCA008F8516 /* SBJSON.h */,
				A8D2FB8310ADDCCA008F8516 /* SBJSON.m */,
			);
			name = JSON;
			sourceTree = "<group>";
		};
		A8DFA39410C7159800FE8587 /* Comm Test */ = {
			isa = PBXGroup;
			children = (
				A8DFA39510C715B000FE8587 /* CommTestMainWindow.h */,
				A8DFA39610C715B000FE8587 /* CommTestMainWindow.m */,
				A8DFA39710C715B000FE8587 /* CommTestMainWindow.xib */,
			);
			name = "Comm Test";
			sourceTree = "<group>";
		};
/* End PBXGroup section */

/* Begin PBXNativeTarget section */
		1D6058900D05DD3D006BFB54 /* Teacher */ = {
			isa = PBXNativeTarget;
			buildConfigurationList = 1D6058960D05DD3E006BFB54 /* Build configuration list for PBXNativeTarget "Teacher" */;
			buildPhases = (
				1D60588D0D05DD3D006BFB54 /* Resources */,
				1D60588E0D05DD3D006BFB54 /* Sources */,
				1D60588F0D05DD3D006BFB54 /* Frameworks */,
			);
			buildRules = (
			);
			dependencies = (
			);
			name = Teacher;
			productName = Teacher;
			productReference = 1D6058910D05DD3D006BFB54 /* Teacher.app */;
			productType = "com.apple.product-type.application";
		};
		A86EF2E8109929AF007DF5DF /* Student */ = {
			isa = PBXNativeTarget;
			buildConfigurationList = A86EF3A610992A05007DF5DF /* Build configuration list for PBXNativeTarget "Student" */;
			buildPhases = (
				A86EF2E5109929AF007DF5DF /* Resources */,
				A86EF2E6109929AF007DF5DF /* Sources */,
				A86EF2E7109929AF007DF5DF /* Frameworks */,
			);
			buildRules = (
			);
			dependencies = (
			);
			name = Student;
			productName = Student;
			productReference = A86EF2E9109929AF007DF5DF /* Student.app */;
			productType = "com.apple.product-type.application";
		};
/* End PBXNativeTarget section */

/* Begin PBXProject section */
		29B97313FDCFA39411CA2CEA /* Project object */ = {
			isa = PBXProject;
			buildConfigurationList = C01FCF4E08A954540054247B /* Build configuration list for PBXProject "Teacher" */;
			compatibilityVersion = "Xcode 3.1";
			hasScannedForEncodings = 1;
			mainGroup = 29B97314FDCFA39411CA2CEA /* CustomTemplate */;
			projectDirPath = "";
			projectRoot = "";
			targets = (
				1D6058900D05DD3D006BFB54 /* Teacher */,
				A86EF2E8109929AF007DF5DF /* Student */,
			);
		};
/* End PBXProject section */

/* Begin PBXResourcesBuildPhase section */
		1D60588D0D05DD3D006BFB54 /* Resources */ = {
			isa = PBXResourcesBuildPhase;
			buildActionMask = 2147483647;
			files = (
				28AD733F0D9D9553002E5188 /* TeacherMainWindow.xib in Resources */,
				2899E5220DE3E06400AC0155 /* TeacherViewController.xib in Resources */,
				A895B23B1086763F006DE1E6 /* TestViewController.xib in Resources */,
				A895B26A10867A4E006DE1E6 /* ConnectedDevicesViewController.xib in Resources */,
				A895B26E10867CB0006DE1E6 /* device_connected.png in Resources */,
				A895B26F10867CB0006DE1E6 /* device_notconnected.png in Resources */,
				A895B27410867D5A006DE1E6 /* graph_icon.png in Resources */,
				A895B27510867D5A006DE1E6 /* import_export_icon.png in Resources */,
				A895B27610867D5A006DE1E6 /* test_icon.png in Resources */,
				A86EF47C10994623007DF5DF /* StudentMainWindow.xib in Resources */,
				A86EF48F10994681007DF5DF /* ConnectingViewController.xib in Resources */,
				A86EF49110994681007DF5DF /* LoginViewController.xib in Resources */,
				A86EF49310994681007DF5DF /* ResponseViewController.xib in Resources */,
				A86EF50210994BDB007DF5DF /* TestNavigationController.xib in Resources */,
				A82965F310A2301600D6F261 /* TextQuestionViewController.xib in Resources */,
				A848EE8310A8C3D400FEABF0 /* NumericQuestionViewController.xib in Resources */,
				A8D2FB9510ADE02D008F8516 /* BooleanQuestionViewController.xib in Resources */,
				A8D2FB9D10ADE244008F8516 /* MultipleChoiceQuestionViewController.xib in Resources */,
				5463FF3410B3387E00914064 /* HTTPViewController.xib in Resources */,
				5463022110BB3E1C00914064 /* database.sqlite in Resources */,
				5463027110BC566800914064 /* student.htm in Resources */,
				5463027410BC56B300914064 /* submitted.htm in Resources */,
				5463027710BC56D400914064 /* makeTest.htm in Resources */,
				5463018210B5FAE500914064 /* jquery.min.js in Resources */,
				A8DFA38110C7155C00FE8587 /* DoneViewController.xib in Resources */,
				A8DFA38310C7155C00FE8587 /* FinishedViewController.xib in Resources */,
				A8DFA38510C7155C00FE8587 /* SupervisorViewController.xib in Resources */,
				A8DFA39910C715B000FE8587 /* CommTestMainWindow.xib in Resources */,
				A8177E6E10C9AED40051A973 /* dist.plist in Resources */,
				A84D20B610CACB6D004A4537 /* DouglassHS.mobileprovision in Resources */,
				A84D20B710CACB6D004A4537 /* DouglassHS_Adhoc.mobileprovision in Resources */,
			);
			runOnlyForDeploymentPostprocessing = 0;
		};
		A86EF2E5109929AF007DF5DF /* Resources */ = {
			isa = PBXResourcesBuildPhase;
			buildActionMask = 2147483647;
			files = (
				5463018510B5FAE500914064 /* jquery.min.js in Resources */,
				A86EF2F0109929E1007DF5DF /* ConnectedDevicesViewController.xib in Resources */,
				A86EF2F2109929E2007DF5DF /* TeacherMainWindow.xib in Resources */,
				A86EF2FA109929E6007DF5DF /* TestViewController.xib in Resources */,
				A86EF2FB109929E7007DF5DF /* TeacherViewController.xib in Resources */,
				A86EF3DC10992ABD007DF5DF /* import_export_icon.png in Resources */,
				A86EF3DD10992ABE007DF5DF /* graph_icon.png in Resources */,
				A86EF3DE10992ABF007DF5DF /* device_notconnected.png in Resources */,
				A86EF3DF10992ABF007DF5DF /* device_connected.png in Resources */,
				A86EF3E010992AC5007DF5DF /* test_icon.png in Resources */,
				A86EF47B10994623007DF5DF /* StudentMainWindow.xib in Resources */,
				A86EF49710994681007DF5DF /* ConnectingViewController.xib in Resources */,
				A86EF49910994681007DF5DF /* LoginViewController.xib in Resources */,
				A86EF49B10994681007DF5DF /* ResponseViewController.xib in Resources */,
				A86EF50410994BDB007DF5DF /* TestNavigationController.xib in Resources */,
				A82965F510A2301600D6F261 /* TextQuestionViewController.xib in Resources */,
				A848EE8510A8C3D400FEABF0 /* NumericQuestionViewController.xib in Resources */,
				A8D2FB9310ADE02D008F8516 /* BooleanQuestionViewController.xib in Resources */,
				A8D2FB9B10ADE244008F8516 /* MultipleChoiceQuestionViewController.xib in Resources */,
				5463FF3610B3387E00914064 /* HTTPViewController.xib in Resources */,
				5463022210BB3E1C00914064 /* database.sqlite in Resources */,
				5463027210BC566800914064 /* student.htm in Resources */,
				5463027510BC56B300914064 /* submitted.htm in Resources */,
				5463027810BC56D400914064 /* makeTest.htm in Resources */,
				A8DFA38710C7155C00FE8587 /* DoneViewController.xib in Resources */,
				A8DFA38910C7155C00FE8587 /* FinishedViewController.xib in Resources */,
				A8DFA38B10C7155C00FE8587 /* SupervisorViewController.xib in Resources */,
				A8DFA39B10C715B000FE8587 /* CommTestMainWindow.xib in Resources */,
				A8177E6D10C9AED40051A973 /* dist.plist in Resources */,
				A84D20B410CACB6D004A4537 /* DouglassHS.mobileprovision in Resources */,
				A84D20B510CACB6D004A4537 /* DouglassHS_Adhoc.mobileprovision in Resources */,
			);
			runOnlyForDeploymentPostprocessing = 0;
		};
/* End PBXResourcesBuildPhase section */

/* Begin PBXSourcesBuildPhase section */
		1D60588E0D05DD3D006BFB54 /* Sources */ = {
			isa = PBXSourcesBuildPhase;
			buildActionMask = 2147483647;
			files = (
				1D60589B0D05DD56006BFB54 /* main.m in Sources */,
				28D7ACF80DDB3853001CB0EB /* TeacherViewController.m in Sources */,
				A895B23A1086763F006DE1E6 /* TestViewController.m in Sources */,
				A895B26910867A4E006DE1E6 /* ConnectedDevicesViewController.m in Sources */,
				A87DAC3C1098E62900F93F02 /* Supervisor.m in Sources */,
				A87DAC401098E86B00F93F02 /* Response.m in Sources */,
				A87DAC431098EE2C00F93F02 /* Question.m in Sources */,
				A87DAC461098EEE000F93F02 /* Test.m in Sources */,
				A86EF3FE10992AFF007DF5DF /* Student.m in Sources */,
				A86EF448109933A5007DF5DF /* Client.m in Sources */,
				A86EF48E10994681007DF5DF /* ConnectingViewController.m in Sources */,
				A86EF49010994681007DF5DF /* LoginViewController.m in Sources */,
				A86EF49210994681007DF5DF /* ResponseViewController.m in Sources */,
				A86EF49510994681007DF5DF /* StudentViewController.m in Sources */,
				A86EF4B010994703007DF5DF /* AppDelegate.m in Sources */,
				A86EF50110994BDB007DF5DF /* TestNavigationController.m in Sources */,
				A873221C109F7CFE0066F806 /* LoginRequest.m in Sources */,
				A8732220109F7D130066F806 /* LoginRequestReply.m in Sources */,
				A8732224109F7D5F0066F806 /* ResponseRequest.m in Sources */,
				A829658D10A2224500D6F261 /* GKObjectSession.m in Sources */,
				A82965F210A2301600D6F261 /* TextQuestionViewController.m in Sources */,
				A848EE8210A8C3D400FEABF0 /* NumericQuestionViewController.m in Sources */,
				A848EE8A10A8CA1100FEABF0 /* QuestionViewController.m in Sources */,
				A8D2FB7B10ADDCBD008F8516 /* Util.m in Sources */,
				A8D2FB8410ADDCCA008F8516 /* NSObject+SBJSON.m in Sources */,
				A8D2FB8510ADDCCA008F8516 /* NSString+SBJSON.m in Sources */,
				A8D2FB8610ADDCCA008F8516 /* SBJSON.m in Sources */,
				A8D2FB9410ADE02D008F8516 /* BooleanQuestionViewController.m in Sources */,
				A8D2FB9C10ADE244008F8516 /* MultipleChoiceQuestionViewController.m in Sources */,
				A8D2FBA110ADE2F1008F8516 /* MultipleChoiceQuestion.m in Sources */,
				54BDD17110ADEB4D00F44A84 /* AsyncSocket.m in Sources */,
				54BDD17210ADEB4D00F44A84 /* DatabaseConnection.m in Sources */,
				54BDD17310ADEB4D00F44A84 /* DDData.m in Sources */,
				54BDD17410ADEB4D00F44A84 /* DDNumber.m in Sources */,
				54BDD17510ADEB4D00F44A84 /* DDRange.m in Sources */,
				54BDD17610ADEB4D00F44A84 /* HTTPAuthenticationRequest.m in Sources */,
				54BDD17710ADEB4D00F44A84 /* HTTPConnection.m in Sources */,
				54BDD17810ADEB4D00F44A84 /* HTTPResponse.m in Sources */,
				54BDD17910ADEB4D00F44A84 /* HTTPServer.m in Sources */,
				54BDD17A10ADEB4D00F44A84 /* iPhoneHTTPServerAppDelegate.m in Sources */,
				54BDD17B10ADEB4D00F44A84 /* localhostAddresses.m in Sources */,
				54BDD17C10ADEB4D00F44A84 /* MyHTTPConnection.m in Sources */,
				5463FF3310B3387E00914064 /* HTTPViewController.m in Sources */,
				A8DFA38010C7155C00FE8587 /* DoneViewController.m in Sources */,
				A8DFA38210C7155C00FE8587 /* FinishedViewController.m in Sources */,
				A8DFA38410C7155C00FE8587 /* SupervisorViewController.m in Sources */,
				A8DFA39010C7159400FE8587 /* QuestionsRequest.m in Sources */,
				A8DFA39110C7159400FE8587 /* TestResponsesRequest.m in Sources */,
				A8DFA39810C715B000FE8587 /* CommTestMainWindow.m in Sources */,
				A8DFA3A610C715C500FE8587 /* ClientStatus.m in Sources */,
				A8DFA3A710C715C500FE8587 /* DeviceInfoRequest.m in Sources */,
				A8DFA3A810C715C500FE8587 /* GKObjectRequest.m in Sources */,
				A8DFA3A910C715C500FE8587 /* GKPeerNetworkSession.m in Sources */,
				A8DFA3AA10C715C500FE8587 /* HopRequest.m in Sources */,
				A8DFA3B410C7188600FE8587 /* QuizServiceHttpConnection.m in Sources */,
				A8DFA3C410C71E3600FE8587 /* GetRequest.m in Sources */,
				A8DFA3C510C71E3600FE8587 /* PostRequest.m in Sources */,
				A8DFA3C910C7208A00FE8587 /* WifiClient.m in Sources */,
				A8DFA57D10C7563800FE8587 /* QuizServiceHttpServer.m in Sources */,
			);
			runOnlyForDeploymentPostprocessing = 0;
		};
		A86EF2E6109929AF007DF5DF /* Sources */ = {
			isa = PBXSourcesBuildPhase;
			buildActionMask = 2147483647;
			files = (
				A86EF2EF109929E0007DF5DF /* ConnectedDevicesViewController.m in Sources */,
				A86EF2F1109929E1007DF5DF /* main.m in Sources */,
				A86EF2F3109929E3007DF5DF /* Question.m in Sources */,
				A86EF2F4109929E3007DF5DF /* Response.m in Sources */,
				A86EF2F5109929E4007DF5DF /* Supervisor.m in Sources */,
				A86EF2F7109929E5007DF5DF /* TeacherViewController.m in Sources */,
				A86EF2F8109929E6007DF5DF /* Test.m in Sources */,
				A86EF2F9109929E6007DF5DF /* TestViewController.m in Sources */,
				A86EF3FF10992AFF007DF5DF /* Student.m in Sources */,
				A86EF449109933A5007DF5DF /* Client.m in Sources */,
				A86EF49610994681007DF5DF /* ConnectingViewController.m in Sources */,
				A86EF49810994681007DF5DF /* LoginViewController.m in Sources */,
				A86EF49A10994681007DF5DF /* ResponseViewController.m in Sources */,
				A86EF49D10994681007DF5DF /* StudentViewController.m in Sources */,
				A86EF4B110994703007DF5DF /* AppDelegate.m in Sources */,
				A86EF50310994BDB007DF5DF /* TestNavigationController.m in Sources */,
				A873221D109F7CFE0066F806 /* LoginRequest.m in Sources */,
				A8732221109F7D130066F806 /* LoginRequestReply.m in Sources */,
				A8732225109F7D5F0066F806 /* ResponseRequest.m in Sources */,
				A829658E10A2224500D6F261 /* GKObjectSession.m in Sources */,
				A82965F410A2301600D6F261 /* TextQuestionViewController.m in Sources */,
				A848EE8410A8C3D400FEABF0 /* NumericQuestionViewController.m in Sources */,
				A848EE8C10A8CA1100FEABF0 /* QuestionViewController.m in Sources */,
				A8D2FB7C10ADDCBD008F8516 /* Util.m in Sources */,
				A8D2FB8710ADDCCA008F8516 /* NSObject+SBJSON.m in Sources */,
				A8D2FB8810ADDCCA008F8516 /* NSString+SBJSON.m in Sources */,
				A8D2FB8910ADDCCA008F8516 /* SBJSON.m in Sources */,
				A8D2FB9210ADE02D008F8516 /* BooleanQuestionViewController.m in Sources */,
				A8D2FB9A10ADE244008F8516 /* MultipleChoiceQuestionViewController.m in Sources */,
				A8D2FBA010ADE2F1008F8516 /* MultipleChoiceQuestion.m in Sources */,
				54BDD17D10ADEB4D00F44A84 /* AsyncSocket.m in Sources */,
				54BDD17E10ADEB4D00F44A84 /* DatabaseConnection.m in Sources */,
				54BDD17F10ADEB4D00F44A84 /* DDData.m in Sources */,
				54BDD18010ADEB4D00F44A84 /* DDNumber.m in Sources */,
				54BDD18110ADEB4D00F44A84 /* DDRange.m in Sources */,
				54BDD18210ADEB4D00F44A84 /* HTTPAuthenticationRequest.m in Sources */,
				54BDD18310ADEB4D00F44A84 /* HTTPConnection.m in Sources */,
				54BDD18410ADEB4D00F44A84 /* HTTPResponse.m in Sources */,
				54BDD18510ADEB4D00F44A84 /* HTTPServer.m in Sources */,
				54BDD18610ADEB4D00F44A84 /* iPhoneHTTPServerAppDelegate.m in Sources */,
				54BDD18710ADEB4D00F44A84 /* localhostAddresses.m in Sources */,
				54BDD18810ADEB4D00F44A84 /* MyHTTPConnection.m in Sources */,
				5463FF3510B3387E00914064 /* HTTPViewController.m in Sources */,
				A8DFA38610C7155C00FE8587 /* DoneViewController.m in Sources */,
				A8DFA38810C7155C00FE8587 /* FinishedViewController.m in Sources */,
				A8DFA38A10C7155C00FE8587 /* SupervisorViewController.m in Sources */,
				A8DFA39210C7159400FE8587 /* QuestionsRequest.m in Sources */,
				A8DFA39310C7159400FE8587 /* TestResponsesRequest.m in Sources */,
				A8DFA39A10C715B000FE8587 /* CommTestMainWindow.m in Sources */,
				A8DFA3AB10C715C500FE8587 /* ClientStatus.m in Sources */,
				A8DFA3AC10C715C500FE8587 /* DeviceInfoRequest.m in Sources */,
				A8DFA3AD10C715C500FE8587 /* GKObjectRequest.m in Sources */,
				A8DFA3AE10C715C500FE8587 /* GKPeerNetworkSession.m in Sources */,
				A8DFA3AF10C715C500FE8587 /* HopRequest.m in Sources */,
				A8DFA3B310C7188600FE8587 /* QuizServiceHttpConnection.m in Sources */,
				A8DFA3C210C71E3600FE8587 /* GetRequest.m in Sources */,
				A8DFA3C310C71E3600FE8587 /* PostRequest.m in Sources */,
				A8DFA3C810C7208A00FE8587 /* WifiClient.m in Sources */,
				A8DFA57C10C7563800FE8587 /* QuizServiceHttpServer.m in Sources */,
			);
			runOnlyForDeploymentPostprocessing = 0;
		};
/* End PBXSourcesBuildPhase section */

/* Begin XCBuildConfiguration section */
		1D6058940D05DD3E006BFB54 /* Debug */ = {
			isa = XCBuildConfiguration;
			buildSettings = {
				ALWAYS_SEARCH_USER_PATHS = NO;
				COPY_PHASE_STRIP = NO;
				FRAMEWORK_SEARCH_PATHS = (
					"$(inherited)",
					"\"$(SRCROOT)/../../../Downloads/iPhoneHTTPServer3/iphoneos2.2/System/Library/Frameworks\"",
				);
				GCC_DYNAMIC_NO_PIC = NO;
				GCC_OPTIMIZATION_LEVEL = 0;
				GCC_PRECOMPILE_PREFIX_HEADER = YES;
				GCC_PREFIX_HEADER = Teacher_Prefix.pch;
				INFOPLIST_FILE = "Teacher-Info.plist";
				PRODUCT_NAME = Teacher;
			};
			name = Debug;
		};
		1D6058950D05DD3E006BFB54 /* Release */ = {
			isa = XCBuildConfiguration;
			buildSettings = {
				ALWAYS_SEARCH_USER_PATHS = NO;
				COPY_PHASE_STRIP = YES;
				FRAMEWORK_SEARCH_PATHS = (
					"$(inherited)",
					"\"$(SRCROOT)/../../../Downloads/iPhoneHTTPServer3/iphoneos2.2/System/Library/Frameworks\"",
				);
				GCC_PRECOMPILE_PREFIX_HEADER = YES;
				GCC_PREFIX_HEADER = Teacher_Prefix.pch;
				INFOPLIST_FILE = "Teacher-Info.plist";
				PRODUCT_NAME = Teacher;
			};
			name = Release;
		};
		A8177F1410C9C28F0051A973 /* Adhoc */ = {
			isa = XCBuildConfiguration;
			buildSettings = {
				ARCHS = "$(ARCHS_STANDARD_32_BIT)";
				CODE_SIGN_ENTITLEMENTS = dist.plist;
				"CODE_SIGN_IDENTITY[sdk=iphoneos*]" = "iPhone Distribution: Adrian Smith";
				GCC_C_LANGUAGE_STANDARD = c99;
				GCC_WARN_ABOUT_RETURN_TYPE = YES;
				GCC_WARN_UNUSED_VARIABLE = YES;
				PREBINDING = NO;
				"PROVISIONING_PROFILE[sdk=iphoneos*]" = "8B5F8CBB-A8CD-4906-8500-9A9EFD762E2D";
				SDKROOT = iphoneos3.0;
			};
			name = Adhoc;
		};
		A8177F1510C9C28F0051A973 /* Adhoc */ = {
			isa = XCBuildConfiguration;
			buildSettings = {
				ALWAYS_SEARCH_USER_PATHS = NO;
				COPY_PHASE_STRIP = YES;
				FRAMEWORK_SEARCH_PATHS = (
					"$(inherited)",
					"\"$(SRCROOT)/../../../Downloads/iPhoneHTTPServer3/iphoneos2.2/System/Library/Frameworks\"",
				);
				GCC_PRECOMPILE_PREFIX_HEADER = YES;
				GCC_PREFIX_HEADER = Teacher_Prefix.pch;
				INFOPLIST_FILE = "Teacher-Info.plist";
				PRODUCT_NAME = Teacher;
			};
			name = Adhoc;
		};
		A8177F1610C9C28F0051A973 /* Adhoc */ = {
			isa = XCBuildConfiguration;
			buildSettings = {
				ALWAYS_SEARCH_USER_PATHS = NO;
				CODE_SIGN_IDENTITY = "iPhone Distribution: Adrian Smith";
				COPY_PHASE_STRIP = YES;
				DEBUG_INFORMATION_FORMAT = "dwarf-with-dsym";
				FRAMEWORK_SEARCH_PATHS = (
					"$(inherited)",
					"\"$(SRCROOT)/../../../Downloads/iPhoneHTTPServer3/iphoneos2.2/System/Library/Frameworks\"",
				);
				GCC_ENABLE_FIX_AND_CONTINUE = NO;
				GCC_PRECOMPILE_PREFIX_HEADER = YES;
				GCC_PREFIX_HEADER = "$(SYSTEM_LIBRARY_DIR)/Frameworks/UIKit.framework/Headers/UIKit.h";
				INFOPLIST_FILE = "Student-Info.plist";
				INSTALL_PATH = "$(HOME)/Applications";
				OTHER_LDFLAGS = (
					"-framework",
					Foundation,
					"-framework",
					UIKit,
				);
				PREBINDING = NO;
				PRODUCT_NAME = Student;
				PROVISIONING_PROFILE = "8B5F8CBB-A8CD-4906-8500-9A9EFD762E2D";
				SDKROOT = iphoneos3.1.2;
				ZERO_LINK = NO;
			};
			name = Adhoc;
		};
		A86EF2EB109929AF007DF5DF /* Debug */ = {
			isa = XCBuildConfiguration;
			buildSettings = {
				ALWAYS_SEARCH_USER_PATHS = NO;
				CODE_SIGN_IDENTITY = "iPhone Developer";
				COPY_PHASE_STRIP = NO;
				FRAMEWORK_SEARCH_PATHS = (
					"$(inherited)",
					"\"$(SRCROOT)/../../../Downloads/iPhoneHTTPServer3/iphoneos2.2/System/Library/Frameworks\"",
				);
				GCC_DYNAMIC_NO_PIC = NO;
				GCC_OPTIMIZATION_LEVEL = 0;
				GCC_PRECOMPILE_PREFIX_HEADER = YES;
				GCC_PREFIX_HEADER = "$(SYSTEM_LIBRARY_DIR)/Frameworks/UIKit.framework/Headers/UIKit.h";
				INFOPLIST_FILE = "Student-Info.plist";
				INSTALL_PATH = "$(HOME)/Applications";
				OTHER_LDFLAGS = (
					"-framework",
					Foundation,
					"-framework",
					UIKit,
				);
				PREBINDING = NO;
				PRODUCT_NAME = Student;
				PROVISIONING_PROFILE = "";
				SDKROOT = iphoneos3.0;
			};
			name = Debug;
		};
		A86EF2EC109929AF007DF5DF /* Release */ = {
			isa = XCBuildConfiguration;
			buildSettings = {
				ALWAYS_SEARCH_USER_PATHS = NO;
				CODE_SIGN_IDENTITY = "iPhone Developer";
				COPY_PHASE_STRIP = YES;
				DEBUG_INFORMATION_FORMAT = "dwarf-with-dsym";
				FRAMEWORK_SEARCH_PATHS = (
					"$(inherited)",
					"\"$(SRCROOT)/../../../Downloads/iPhoneHTTPServer3/iphoneos2.2/System/Library/Frameworks\"",
				);
				GCC_ENABLE_FIX_AND_CONTINUE = NO;
				GCC_PRECOMPILE_PREFIX_HEADER = YES;
				GCC_PREFIX_HEADER = "$(SYSTEM_LIBRARY_DIR)/Frameworks/UIKit.framework/Headers/UIKit.h";
				INFOPLIST_FILE = "Student-Info.plist";
				INSTALL_PATH = "$(HOME)/Applications";
				OTHER_LDFLAGS = (
					"-framework",
					Foundation,
					"-framework",
					UIKit,
				);
				PREBINDING = NO;
				PRODUCT_NAME = Student;
				SDKROOT = iphoneos3.1.2;
				ZERO_LINK = NO;
			};
			name = Release;
		};
		C01FCF4F08A954540054247B /* Debug */ = {
			isa = XCBuildConfiguration;
			buildSettings = {
				ARCHS = "$(ARCHS_STANDARD_32_BIT)";
				"CODE_SIGN_IDENTITY[sdk=iphoneos*]" = "iPhone Developer";
				GCC_C_LANGUAGE_STANDARD = c99;
				GCC_WARN_ABOUT_RETURN_TYPE = YES;
				GCC_WARN_UNUSED_VARIABLE = YES;
				PREBINDING = NO;
				"PROVISIONING_PROFILE[sdk=iphoneos*]" = "";
				SDKROOT = iphoneos3.0;
			};
			name = Debug;
		};
		C01FCF5008A954540054247B /* Release */ = {
			isa = XCBuildConfiguration;
			buildSettings = {
				ARCHS = "$(ARCHS_STANDARD_32_BIT)";
				"CODE_SIGN_IDENTITY[sdk=iphoneos*]" = "iPhone Developer";
				GCC_C_LANGUAGE_STANDARD = c99;
				GCC_WARN_ABOUT_RETURN_TYPE = YES;
				GCC_WARN_UNUSED_VARIABLE = YES;
				PREBINDING = NO;
				SDKROOT = iphoneos3.0;
			};
			name = Release;
		};
/* End XCBuildConfiguration section */

/* Begin XCConfigurationList section */
		1D6058960D05DD3E006BFB54 /* Build configuration list for PBXNativeTarget "Teacher" */ = {
			isa = XCConfigurationList;
			buildConfigurations = (
				1D6058940D05DD3E006BFB54 /* Debug */,
				1D6058950D05DD3E006BFB54 /* Release */,
				A8177F1510C9C28F0051A973 /* Adhoc */,
			);
			defaultConfigurationIsVisible = 0;
			defaultConfigurationName = Release;
		};
		A86EF3A610992A05007DF5DF /* Build configuration list for PBXNativeTarget "Student" */ = {
			isa = XCConfigurationList;
			buildConfigurations = (
				A86EF2EB109929AF007DF5DF /* Debug */,
				A86EF2EC109929AF007DF5DF /* Release */,
				A8177F1610C9C28F0051A973 /* Adhoc */,
			);
			defaultConfigurationIsVisible = 0;
			defaultConfigurationName = Release;
		};
		C01FCF4E08A954540054247B /* Build configuration list for PBXProject "Teacher" */ = {
			isa = XCConfigurationList;
			buildConfigurations = (
				C01FCF4F08A954540054247B /* Debug */,
				C01FCF5008A954540054247B /* Release */,
				A8177F1410C9C28F0051A973 /* Adhoc */,
			);
			defaultConfigurationIsVisible = 0;
			defaultConfigurationName = Release;
		};
/* End XCConfigurationList section */
	};
	rootObject = 29B97313FDCFA39411CA2CEA /* Project object */;
}
